PODS:
  - LibWally (0.0.1)

DEPENDENCIES:
  - LibWally (from `https://github.com/blockchain/LibWally-Swift.git`, branch `master`)

EXTERNAL SOURCES:
  LibWally:
    :branch: master
    :git: https://github.com/blockchain/LibWally-Swift.git
    :submodules: true

CHECKOUT OPTIONS:
  LibWally:
    :commit: 177932b189157af65ff48710dd56100f09f59f69
    :git: https://github.com/blockchain/LibWally-Swift.git
    :submodules: true

SPEC CHECKSUMS:
  LibWally: 37b7c926e9aa02cc7d4c5a2a2a3a4f8925ea5038

PODFILE CHECKSUM: cd61f697e5b18c7fbddb3b308d856935df936ec6

COCOAPODS: 1.8.4
