// !$*UTF8*$!
{
	archiveVersion = 1;
	classes = {
	};
	objectVersion = 50;
	objects = {

/* Begin PBXBuildFile section */
		1C37A9908DBAA4D27F1B5F0A /* libPods-StandUp-iOS.a in Frameworks */ = {isa = PBXBuildFile; fileRef = 72C8D9AC710FBF402951B365 /* libPods-StandUp-iOS.a */; };
		925CB0EBDBB75D74ABE35ACD /* libPods-StandUp-iOSTests.a in Frameworks */ = {isa = PBXBuildFile; fileRef = 5C0381959B711B41EBEF758A /* libPods-StandUp-iOSTests.a */; };
		D07ED4C723AA4F0000E7712A /* AppDelegate.swift in Sources */ = {isa = PBXBuildFile; fileRef = D07ED4C623AA4F0000E7712A /* AppDelegate.swift */; };
		D07ED4C923AA4F0000E7712A /* SceneDelegate.swift in Sources */ = {isa = PBXBuildFile; fileRef = D07ED4C823AA4F0000E7712A /* SceneDelegate.swift */; };
		D07ED4D123AA4F0000E7712A /* StandUp_iOS.xcdatamodeld in Sources */ = {isa = PBXBuildFile; fileRef = D07ED4CF23AA4F0000E7712A /* StandUp_iOS.xcdatamodeld */; };
		D07ED4D323AA4F0600E7712A /* Assets.xcassets in Resources */ = {isa = PBXBuildFile; fileRef = D07ED4D223AA4F0600E7712A /* Assets.xcassets */; };
		D07ED4E123AA4F0600E7712A /* StandUp_iOSTests.swift in Sources */ = {isa = PBXBuildFile; fileRef = D07ED4E023AA4F0600E7712A /* StandUp_iOSTests.swift */; };
		D07ED4EC23AA4F0600E7712A /* StandUp_iOSUITests.swift in Sources */ = {isa = PBXBuildFile; fileRef = D07ED4EB23AA4F0600E7712A /* StandUp_iOSUITests.swift */; };
		D07ED4FD23AA51E700E7712A /* ObjectiveCHeader.m in Sources */ = {isa = PBXBuildFile; fileRef = D07ED4FC23AA51E700E7712A /* ObjectiveCHeader.m */; };
		D07ED50023AA546700E7712A /* Main.storyboard in Resources */ = {isa = PBXBuildFile; fileRef = D07ED4FE23AA546600E7712A /* Main.storyboard */; };
		D07ED50123AA546700E7712A /* LaunchScreen.storyboard in Resources */ = {isa = PBXBuildFile; fileRef = D07ED4FF23AA546700E7712A /* LaunchScreen.storyboard */; };
		D07ED56C23AA549B00E7712A /* NodeStruct.swift in Sources */ = {isa = PBXBuildFile; fileRef = D07ED50323AA549800E7712A /* NodeStruct.swift */; };
		D07ED56E23AA549B00E7712A /* HomeTableStruct.swift in Sources */ = {isa = PBXBuildFile; fileRef = D07ED50523AA549800E7712A /* HomeTableStruct.swift */; };
		D07ED56F23AA549B00E7712A /* Entities.swift in Sources */ = {isa = PBXBuildFile; fileRef = D07ED50723AA549900E7712A /* Entities.swift */; };
		D07ED57123AA549B00E7712A /* Reducer.swift in Sources */ = {isa = PBXBuildFile; fileRef = D07ED50923AA549900E7712A /* Reducer.swift */; };
		D07ED57223AA549B00E7712A /* CoreDataService.swift in Sources */ = {isa = PBXBuildFile; fileRef = D07ED50A23AA549900E7712A /* CoreDataService.swift */; };
		D07ED57423AA549B00E7712A /* FirstTime.swift in Sources */ = {isa = PBXBuildFile; fileRef = D07ED50C23AA549900E7712A /* FirstTime.swift */; };
		D07ED57523AA549B00E7712A /* MnemonicCreator.swift in Sources */ = {isa = PBXBuildFile; fileRef = D07ED50D23AA549900E7712A /* MnemonicCreator.swift */; };
		D07ED57623AA549B00E7712A /* KeyFetcher.swift in Sources */ = {isa = PBXBuildFile; fileRef = D07ED50E23AA549900E7712A /* KeyFetcher.swift */; };
		D07ED57723AA549B00E7712A /* Commands.swift in Sources */ = {isa = PBXBuildFile; fileRef = D07ED50F23AA549900E7712A /* Commands.swift */; };
		D07ED57823AA549B00E7712A /* KeychainCreator.swift in Sources */ = {isa = PBXBuildFile; fileRef = D07ED51023AA549900E7712A /* KeychainCreator.swift */; };
		D07ED57923AA549B00E7712A /* QuickConnect.swift in Sources */ = {isa = PBXBuildFile; fileRef = D07ED51123AA549900E7712A /* QuickConnect.swift */; };
		D07ED57A23AA549B00E7712A /* MakeRPCCall.swift in Sources */ = {isa = PBXBuildFile; fileRef = D07ED51323AA549900E7712A /* MakeRPCCall.swift */; };
		D07ED57B23AA549B00E7712A /* Encryption.swift in Sources */ = {isa = PBXBuildFile; fileRef = D07ED51423AA549900E7712A /* Encryption.swift */; };
		D07ED57C23AA549B00E7712A /* AESService.swift in Sources */ = {isa = PBXBuildFile; fileRef = D07ED51523AA549900E7712A /* AESService.swift */; };
		D07ED57D23AA549B00E7712A /* AddressParser.swift in Sources */ = {isa = PBXBuildFile; fileRef = D07ED51623AA549900E7712A /* AddressParser.swift */; };
		D07ED57E23AA549B00E7712A /* Connector.swift in Sources */ = {isa = PBXBuildFile; fileRef = D07ED51723AA549900E7712A /* Connector.swift */; };
		D07ED57F23AA549B00E7712A /* FiatConverter.swift in Sources */ = {isa = PBXBuildFile; fileRef = D07ED51823AA549900E7712A /* FiatConverter.swift */; };
		D07ED58023AA549B00E7712A /* TorClient.swift in Sources */ = {isa = PBXBuildFile; fileRef = D07ED51A23AA549900E7712A /* TorClient.swift */; };
		D07ED58123AA549B00E7712A /* Utilities.swift in Sources */ = {isa = PBXBuildFile; fileRef = D07ED51C23AA549900E7712A /* Utilities.swift */; };
		D07ED58223AA549B00E7712A /* Transition.swift in Sources */ = {isa = PBXBuildFile; fileRef = D07ED51D23AA549900E7712A /* Transition.swift */; };
		D07ED58323AA549B00E7712A /* KeyGen.swift in Sources */ = {isa = PBXBuildFile; fileRef = D07ED51F23AA549900E7712A /* KeyGen.swift */; };
		D07ED58423AA549B00E7712A /* Base32.swift in Sources */ = {isa = PBXBuildFile; fileRef = D07ED52023AA549900E7712A /* Base32.swift */; };
		D07ED58523AA549B00E7712A /* shim.swift in Sources */ = {isa = PBXBuildFile; fileRef = D07ED52123AA549900E7712A /* shim.swift */; };
		D07ED58623AA549B00E7712A /* StringExtension.swift in Sources */ = {isa = PBXBuildFile; fileRef = D07ED52223AA549900E7712A /* StringExtension.swift */; };
		D07ED58723AA549B00E7712A /* NodeLogic.swift in Sources */ = {isa = PBXBuildFile; fileRef = D07ED52423AA549900E7712A /* NodeLogic.swift */; };
		D07ED58823AA549B00E7712A /* whiteBroom.png in Resources */ = {isa = PBXBuildFile; fileRef = D07ED52623AA549900E7712A /* whiteBroom.png */; };
		D07ED58923AA549B00E7712A /* 1024.png in Resources */ = {isa = PBXBuildFile; fileRef = D07ED52723AA549900E7712A /* 1024.png */; };
		D07ED58A23AA549B00E7712A /* whiteLock.png in Resources */ = {isa = PBXBuildFile; fileRef = D07ED52823AA549900E7712A /* whiteLock.png */; };
		D07ED58B23AA549B00E7712A /* addNode.PNG in Resources */ = {isa = PBXBuildFile; fileRef = D07ED52923AA549900E7712A /* addNode.PNG */; };
		D07ED58C23AA549B00E7712A /* settings90.png in Resources */ = {isa = PBXBuildFile; fileRef = D07ED52A23AA549900E7712A /* settings90.png */; };
		D07ED58D23AA549B00E7712A /* whitePlus.png in Resources */ = {isa = PBXBuildFile; fileRef = D07ED52B23AA549900E7712A /* whitePlus.png */; };
		D07ED58E23AA549B00E7712A /* whiteFingerPrint.png in Resources */ = {isa = PBXBuildFile; fileRef = D07ED52C23AA549900E7712A /* whiteFingerPrint.png */; };
		D07ED58F23AA549B00E7712A /* clear.png in Resources */ = {isa = PBXBuildFile; fileRef = D07ED52D23AA549900E7712A /* clear.png */; };
		D07ED59023AA549B00E7712A /* screenShot.png in Resources */ = {isa = PBXBuildFile; fileRef = D07ED52E23AA549900E7712A /* screenShot.png */; };
		D07ED59123AA549B00E7712A /* switcher.PNG in Resources */ = {isa = PBXBuildFile; fileRef = D07ED52F23AA549900E7712A /* switcher.PNG */; };
		D07ED59223AA549B00E7712A /* strobe.png in Resources */ = {isa = PBXBuildFile; fileRef = D07ED53023AA549900E7712A /* strobe.png */; };
		D07ED59323AA549B00E7712A /* Search - tripkey.png in Resources */ = {isa = PBXBuildFile; fileRef = D07ED53123AA549900E7712A /* Search - tripkey.png */; };
		D07ED59423AA549B00E7712A /* bWhite.png in Resources */ = {isa = PBXBuildFile; fileRef = D07ED53223AA549900E7712A /* bWhite.png */; };
		D07ED59523AA549B00E7712A /* whiteCheck.png in Resources */ = {isa = PBXBuildFile; fileRef = D07ED53323AA549900E7712A /* whiteCheck.png */; };
		D07ED59623AA549B00E7712A /* back.png in Resources */ = {isa = PBXBuildFile; fileRef = D07ED53423AA549900E7712A /* back.png */; };
		D07ED59723AA549B00E7712A /* images.png in Resources */ = {isa = PBXBuildFile; fileRef = D07ED53523AA549900E7712A /* images.png */; };
		D07ED59823AA549B00E7712A /* CreateUnsigned.swift in Sources */ = {isa = PBXBuildFile; fileRef = D07ED53723AA549A00E7712A /* CreateUnsigned.swift */; };
		D07ED59923AA549B00E7712A /* Send.swift in Sources */ = {isa = PBXBuildFile; fileRef = D07ED53823AA549A00E7712A /* Send.swift */; };
		D07ED59A23AA549B00E7712A /* SendUTXO.swift in Sources */ = {isa = PBXBuildFile; fileRef = D07ED53923AA549A00E7712A /* SendUTXO.swift */; };
		D07ED59B23AA549B00E7712A /* WalletCreator.swift in Sources */ = {isa = PBXBuildFile; fileRef = D07ED53A23AA549A00E7712A /* WalletCreator.swift */; };
		D07ED59C23AA549B00E7712A /* GetSmartFee.swift in Sources */ = {isa = PBXBuildFile; fileRef = D07ED53B23AA549A00E7712A /* GetSmartFee.swift */; };
		D07ED59D23AA549B00E7712A /* SeedViewController.swift in Sources */ = {isa = PBXBuildFile; fileRef = D07ED53E23AA549A00E7712A /* SeedViewController.swift */; };
		D07ED59E23AA549B00E7712A /* QRViewController.swift in Sources */ = {isa = PBXBuildFile; fileRef = D07ED53F23AA549A00E7712A /* QRViewController.swift */; };
		D07ED59F23AA549B00E7712A /* SettingsViewController.swift in Sources */ = {isa = PBXBuildFile; fileRef = D07ED54023AA549A00E7712A /* SettingsViewController.swift */; };
		D07ED5A023AA549B00E7712A /* SecurityCenterViewController.swift in Sources */ = {isa = PBXBuildFile; fileRef = D07ED54123AA549A00E7712A /* SecurityCenterViewController.swift */; };
		D07ED5A123AA549B00E7712A /* CreateRawTxViewController.swift in Sources */ = {isa = PBXBuildFile; fileRef = D07ED54523AA549A00E7712A /* CreateRawTxViewController.swift */; };
		D07ED5A223AA549B00E7712A /* LockedViewController.swift in Sources */ = {isa = PBXBuildFile; fileRef = D07ED54723AA549A00E7712A /* LockedViewController.swift */; };
		D07ED5A323AA549B00E7712A /* UTXOViewController.swift in Sources */ = {isa = PBXBuildFile; fileRef = D07ED54823AA549A00E7712A /* UTXOViewController.swift */; };
		D07ED5A423AA549B00E7712A /* ConfirmViewController.swift in Sources */ = {isa = PBXBuildFile; fileRef = D07ED54923AA549A00E7712A /* ConfirmViewController.swift */; };
		D07ED5A923AA549B00E7712A /* InvoiceViewController.swift in Sources */ = {isa = PBXBuildFile; fileRef = D07ED55323AA549A00E7712A /* InvoiceViewController.swift */; };
		D07ED5AA23AA549B00E7712A /* TransactionViewController.swift in Sources */ = {isa = PBXBuildFile; fileRef = D07ED55623AA549A00E7712A /* TransactionViewController.swift */; };
		D07ED5AB23AA549B00E7712A /* AuthenticateViewController.swift in Sources */ = {isa = PBXBuildFile; fileRef = D07ED55723AA549A00E7712A /* AuthenticateViewController.swift */; };
		D07ED5AC23AA549B00E7712A /* MainMenuViewController.swift in Sources */ = {isa = PBXBuildFile; fileRef = D07ED55823AA549A00E7712A /* MainMenuViewController.swift */; };
		D07ED5AD23AA549B00E7712A /* ScannerViewController.swift in Sources */ = {isa = PBXBuildFile; fileRef = D07ED55923AA549A00E7712A /* ScannerViewController.swift */; };
		D07ED5AE23AA549B00E7712A /* IntroViewController.swift in Sources */ = {isa = PBXBuildFile; fileRef = D07ED55A23AA549A00E7712A /* IntroViewController.swift */; };
		D07ED5AF23AA549B00E7712A /* LogInViewController.swift in Sources */ = {isa = PBXBuildFile; fileRef = D07ED55C23AA549A00E7712A /* LogInViewController.swift */; };
		D07ED5B023AA549B00E7712A /* PageViewController.swift in Sources */ = {isa = PBXBuildFile; fileRef = D07ED55D23AA549A00E7712A /* PageViewController.swift */; };
		D07ED5B123AA549B00E7712A /* QRGenerator.swift in Sources */ = {isa = PBXBuildFile; fileRef = D07ED56023AA549B00E7712A /* QRGenerator.swift */; };
		D07ED5B223AA549B00E7712A /* KeyPadButtonView.xib in Resources */ = {isa = PBXBuildFile; fileRef = D07ED56223AA549B00E7712A /* KeyPadButtonView.xib */; };
		D07ED5B323AA549B00E7712A /* KeyPad.swift in Sources */ = {isa = PBXBuildFile; fileRef = D07ED56323AA549B00E7712A /* KeyPad.swift */; };
		D07ED5B423AA549B00E7712A /* ConnectingView.swift in Sources */ = {isa = PBXBuildFile; fileRef = D07ED56523AA549B00E7712A /* ConnectingView.swift */; };
		D07ED5B523AA549B00E7712A /* ErrorView.swift in Sources */ = {isa = PBXBuildFile; fileRef = D07ED56723AA549B00E7712A /* ErrorView.swift */; };
		D07ED5B623AA549B00E7712A /* RawDisplayer.swift in Sources */ = {isa = PBXBuildFile; fileRef = D07ED56923AA549B00E7712A /* RawDisplayer.swift */; };
		D07ED5B723AA549B00E7712A /* QRScanner.swift in Sources */ = {isa = PBXBuildFile; fileRef = D07ED56B23AA549B00E7712A /* QRScanner.swift */; };
		D07ED5BB23AA560100E7712A /* KeychainSwift.framework in Frameworks */ = {isa = PBXBuildFile; fileRef = D07ED5B823AA560000E7712A /* KeychainSwift.framework */; };
		D07ED5BC23AA560100E7712A /* KeychainSwift.framework in Embed Frameworks */ = {isa = PBXBuildFile; fileRef = D07ED5B823AA560000E7712A /* KeychainSwift.framework */; settings = {ATTRIBUTES = (CodeSignOnCopy, RemoveHeadersOnCopy, ); }; };
		D07ED5BD23AA560100E7712A /* CryptoSwift.framework in Frameworks */ = {isa = PBXBuildFile; fileRef = D07ED5B923AA560100E7712A /* CryptoSwift.framework */; };
		D07ED5BE23AA560100E7712A /* CryptoSwift.framework in Embed Frameworks */ = {isa = PBXBuildFile; fileRef = D07ED5B923AA560100E7712A /* CryptoSwift.framework */; settings = {ATTRIBUTES = (CodeSignOnCopy, RemoveHeadersOnCopy, ); }; };
		D07ED5BF23AA560100E7712A /* Tor.framework in Frameworks */ = {isa = PBXBuildFile; fileRef = D07ED5BA23AA560100E7712A /* Tor.framework */; };
		D07ED5C023AA560100E7712A /* Tor.framework in Embed Frameworks */ = {isa = PBXBuildFile; fileRef = D07ED5BA23AA560100E7712A /* Tor.framework */; settings = {ATTRIBUTES = (CodeSignOnCopy, RemoveHeadersOnCopy, ); }; };
		D07ED5C523AA66DC00E7712A /* README.md in Resources */ = {isa = PBXBuildFile; fileRef = D07ED5C423AA66DC00E7712A /* README.md */; };
/* End PBXBuildFile section */

/* Begin PBXContainerItemProxy section */
		D07ED4DD23AA4F0600E7712A /* PBXContainerItemProxy */ = {
			isa = PBXContainerItemProxy;
			containerPortal = D07ED4BB23AA4EFF00E7712A /* Project object */;
			proxyType = 1;
			remoteGlobalIDString = D07ED4C223AA4F0000E7712A;
			remoteInfo = "StandUp-iOS";
		};
		D07ED4E823AA4F0600E7712A /* PBXContainerItemProxy */ = {
			isa = PBXContainerItemProxy;
			containerPortal = D07ED4BB23AA4EFF00E7712A /* Project object */;
			proxyType = 1;
			remoteGlobalIDString = D07ED4C223AA4F0000E7712A;
			remoteInfo = "StandUp-iOS";
		};
/* End PBXContainerItemProxy section */

/* Begin PBXCopyFilesBuildPhase section */
		D07ED5C123AA560100E7712A /* Embed Frameworks */ = {
			isa = PBXCopyFilesBuildPhase;
			buildActionMask = 2147483647;
			dstPath = "";
			dstSubfolderSpec = 10;
			files = (
				D07ED5C023AA560100E7712A /* Tor.framework in Embed Frameworks */,
				D07ED5BC23AA560100E7712A /* KeychainSwift.framework in Embed Frameworks */,
				D07ED5BE23AA560100E7712A /* CryptoSwift.framework in Embed Frameworks */,
			);
			name = "Embed Frameworks";
			runOnlyForDeploymentPostprocessing = 0;
		};
/* End PBXCopyFilesBuildPhase section */

/* Begin PBXFileReference section */
		3577AE249B132F3E2A09A5D5 /* Pods-StandUp-iOSTests.debug.xcconfig */ = {isa = PBXFileReference; includeInIndex = 1; lastKnownFileType = text.xcconfig; name = "Pods-StandUp-iOSTests.debug.xcconfig"; path = "Target Support Files/Pods-StandUp-iOSTests/Pods-StandUp-iOSTests.debug.xcconfig"; sourceTree = "<group>"; };
		3BA97D89144881724365E39F /* Pods-StandUp-iOS.debug.xcconfig */ = {isa = PBXFileReference; includeInIndex = 1; lastKnownFileType = text.xcconfig; name = "Pods-StandUp-iOS.debug.xcconfig"; path = "Target Support Files/Pods-StandUp-iOS/Pods-StandUp-iOS.debug.xcconfig"; sourceTree = "<group>"; };
		58A1BD7FC135E583ABBF43C9 /* Pods-StandUp-iOSTests.release.xcconfig */ = {isa = PBXFileReference; includeInIndex = 1; lastKnownFileType = text.xcconfig; name = "Pods-StandUp-iOSTests.release.xcconfig"; path = "Target Support Files/Pods-StandUp-iOSTests/Pods-StandUp-iOSTests.release.xcconfig"; sourceTree = "<group>"; };
		5C0381959B711B41EBEF758A /* libPods-StandUp-iOSTests.a */ = {isa = PBXFileReference; explicitFileType = archive.ar; includeInIndex = 0; path = "libPods-StandUp-iOSTests.a"; sourceTree = BUILT_PRODUCTS_DIR; };
		61E1C43E5B5AA58E1794C386 /* Pods-StandUp-iOS.release.xcconfig */ = {isa = PBXFileReference; includeInIndex = 1; lastKnownFileType = text.xcconfig; name = "Pods-StandUp-iOS.release.xcconfig"; path = "Target Support Files/Pods-StandUp-iOS/Pods-StandUp-iOS.release.xcconfig"; sourceTree = "<group>"; };
		72C8D9AC710FBF402951B365 /* libPods-StandUp-iOS.a */ = {isa = PBXFileReference; explicitFileType = archive.ar; includeInIndex = 0; path = "libPods-StandUp-iOS.a"; sourceTree = BUILT_PRODUCTS_DIR; };
		D07ED4C323AA4F0000E7712A /* StandUp-iOS.app */ = {isa = PBXFileReference; explicitFileType = wrapper.application; includeInIndex = 0; path = "StandUp-iOS.app"; sourceTree = BUILT_PRODUCTS_DIR; };
		D07ED4C623AA4F0000E7712A /* AppDelegate.swift */ = {isa = PBXFileReference; lastKnownFileType = sourcecode.swift; path = AppDelegate.swift; sourceTree = "<group>"; };
		D07ED4C823AA4F0000E7712A /* SceneDelegate.swift */ = {isa = PBXFileReference; lastKnownFileType = sourcecode.swift; path = SceneDelegate.swift; sourceTree = "<group>"; };
		D07ED4D023AA4F0000E7712A /* StandUp_iOS.xcdatamodel */ = {isa = PBXFileReference; lastKnownFileType = wrapper.xcdatamodel; path = StandUp_iOS.xcdatamodel; sourceTree = "<group>"; };
		D07ED4D223AA4F0600E7712A /* Assets.xcassets */ = {isa = PBXFileReference; lastKnownFileType = folder.assetcatalog; path = Assets.xcassets; sourceTree = "<group>"; };
		D07ED4D723AA4F0600E7712A /* Info.plist */ = {isa = PBXFileReference; lastKnownFileType = text.plist.xml; path = Info.plist; sourceTree = "<group>"; };
		D07ED4DC23AA4F0600E7712A /* StandUp-iOSTests.xctest */ = {isa = PBXFileReference; explicitFileType = wrapper.cfbundle; includeInIndex = 0; path = "StandUp-iOSTests.xctest"; sourceTree = BUILT_PRODUCTS_DIR; };
		D07ED4E023AA4F0600E7712A /* StandUp_iOSTests.swift */ = {isa = PBXFileReference; lastKnownFileType = sourcecode.swift; path = StandUp_iOSTests.swift; sourceTree = "<group>"; };
		D07ED4E223AA4F0600E7712A /* Info.plist */ = {isa = PBXFileReference; lastKnownFileType = text.plist.xml; path = Info.plist; sourceTree = "<group>"; };
		D07ED4E723AA4F0600E7712A /* StandUp-iOSUITests.xctest */ = {isa = PBXFileReference; explicitFileType = wrapper.cfbundle; includeInIndex = 0; path = "StandUp-iOSUITests.xctest"; sourceTree = BUILT_PRODUCTS_DIR; };
		D07ED4EB23AA4F0600E7712A /* StandUp_iOSUITests.swift */ = {isa = PBXFileReference; lastKnownFileType = sourcecode.swift; path = StandUp_iOSUITests.swift; sourceTree = "<group>"; };
		D07ED4ED23AA4F0600E7712A /* Info.plist */ = {isa = PBXFileReference; lastKnownFileType = text.plist.xml; path = Info.plist; sourceTree = "<group>"; };
		D07ED4F923AA4F0F00E7712A /* StandUp-iOS.entitlements */ = {isa = PBXFileReference; lastKnownFileType = text.plist.entitlements; path = "StandUp-iOS.entitlements"; sourceTree = "<group>"; };
		D07ED4FB23AA51E600E7712A /* StandUp-iOS-Bridging-Header.h */ = {isa = PBXFileReference; lastKnownFileType = sourcecode.c.h; path = "StandUp-iOS-Bridging-Header.h"; sourceTree = "<group>"; };
		D07ED4FC23AA51E700E7712A /* ObjectiveCHeader.m */ = {isa = PBXFileReference; lastKnownFileType = sourcecode.c.objc; path = ObjectiveCHeader.m; sourceTree = "<group>"; };
		D07ED4FE23AA546600E7712A /* Main.storyboard */ = {isa = PBXFileReference; fileEncoding = 4; lastKnownFileType = file.storyboard; path = Main.storyboard; sourceTree = "<group>"; };
		D07ED4FF23AA546700E7712A /* LaunchScreen.storyboard */ = {isa = PBXFileReference; fileEncoding = 4; lastKnownFileType = file.storyboard; path = LaunchScreen.storyboard; sourceTree = "<group>"; };
		D07ED50323AA549800E7712A /* NodeStruct.swift */ = {isa = PBXFileReference; fileEncoding = 4; lastKnownFileType = sourcecode.swift; path = NodeStruct.swift; sourceTree = "<group>"; };
		D07ED50523AA549800E7712A /* HomeTableStruct.swift */ = {isa = PBXFileReference; fileEncoding = 4; lastKnownFileType = sourcecode.swift; path = HomeTableStruct.swift; sourceTree = "<group>"; };
		D07ED50723AA549900E7712A /* Entities.swift */ = {isa = PBXFileReference; fileEncoding = 4; lastKnownFileType = sourcecode.swift; path = Entities.swift; sourceTree = "<group>"; };
		D07ED50923AA549900E7712A /* Reducer.swift */ = {isa = PBXFileReference; fileEncoding = 4; lastKnownFileType = sourcecode.swift; path = Reducer.swift; sourceTree = "<group>"; };
		D07ED50A23AA549900E7712A /* CoreDataService.swift */ = {isa = PBXFileReference; fileEncoding = 4; lastKnownFileType = sourcecode.swift; path = CoreDataService.swift; sourceTree = "<group>"; };
		D07ED50C23AA549900E7712A /* FirstTime.swift */ = {isa = PBXFileReference; fileEncoding = 4; lastKnownFileType = sourcecode.swift; path = FirstTime.swift; sourceTree = "<group>"; };
		D07ED50D23AA549900E7712A /* MnemonicCreator.swift */ = {isa = PBXFileReference; fileEncoding = 4; lastKnownFileType = sourcecode.swift; path = MnemonicCreator.swift; sourceTree = "<group>"; };
		D07ED50E23AA549900E7712A /* KeyFetcher.swift */ = {isa = PBXFileReference; fileEncoding = 4; lastKnownFileType = sourcecode.swift; path = KeyFetcher.swift; sourceTree = "<group>"; };
		D07ED50F23AA549900E7712A /* Commands.swift */ = {isa = PBXFileReference; fileEncoding = 4; lastKnownFileType = sourcecode.swift; path = Commands.swift; sourceTree = "<group>"; };
		D07ED51023AA549900E7712A /* KeychainCreator.swift */ = {isa = PBXFileReference; fileEncoding = 4; lastKnownFileType = sourcecode.swift; path = KeychainCreator.swift; sourceTree = "<group>"; };
		D07ED51123AA549900E7712A /* QuickConnect.swift */ = {isa = PBXFileReference; fileEncoding = 4; lastKnownFileType = sourcecode.swift; path = QuickConnect.swift; sourceTree = "<group>"; };
		D07ED51323AA549900E7712A /* MakeRPCCall.swift */ = {isa = PBXFileReference; fileEncoding = 4; lastKnownFileType = sourcecode.swift; path = MakeRPCCall.swift; sourceTree = "<group>"; };
		D07ED51423AA549900E7712A /* Encryption.swift */ = {isa = PBXFileReference; fileEncoding = 4; lastKnownFileType = sourcecode.swift; path = Encryption.swift; sourceTree = "<group>"; };
		D07ED51523AA549900E7712A /* AESService.swift */ = {isa = PBXFileReference; fileEncoding = 4; lastKnownFileType = sourcecode.swift; path = AESService.swift; sourceTree = "<group>"; };
		D07ED51623AA549900E7712A /* AddressParser.swift */ = {isa = PBXFileReference; fileEncoding = 4; lastKnownFileType = sourcecode.swift; path = AddressParser.swift; sourceTree = "<group>"; };
		D07ED51723AA549900E7712A /* Connector.swift */ = {isa = PBXFileReference; fileEncoding = 4; lastKnownFileType = sourcecode.swift; path = Connector.swift; sourceTree = "<group>"; };
		D07ED51823AA549900E7712A /* FiatConverter.swift */ = {isa = PBXFileReference; fileEncoding = 4; lastKnownFileType = sourcecode.swift; path = FiatConverter.swift; sourceTree = "<group>"; };
		D07ED51A23AA549900E7712A /* TorClient.swift */ = {isa = PBXFileReference; fileEncoding = 4; lastKnownFileType = sourcecode.swift; path = TorClient.swift; sourceTree = "<group>"; };
		D07ED51C23AA549900E7712A /* Utilities.swift */ = {isa = PBXFileReference; fileEncoding = 4; lastKnownFileType = sourcecode.swift; path = Utilities.swift; sourceTree = "<group>"; };
		D07ED51D23AA549900E7712A /* Transition.swift */ = {isa = PBXFileReference; fileEncoding = 4; lastKnownFileType = sourcecode.swift; path = Transition.swift; sourceTree = "<group>"; };
		D07ED51F23AA549900E7712A /* KeyGen.swift */ = {isa = PBXFileReference; fileEncoding = 4; lastKnownFileType = sourcecode.swift; path = KeyGen.swift; sourceTree = "<group>"; };
		D07ED52023AA549900E7712A /* Base32.swift */ = {isa = PBXFileReference; fileEncoding = 4; lastKnownFileType = sourcecode.swift; path = Base32.swift; sourceTree = "<group>"; };
		D07ED52123AA549900E7712A /* shim.swift */ = {isa = PBXFileReference; fileEncoding = 4; lastKnownFileType = sourcecode.swift; path = shim.swift; sourceTree = "<group>"; };
		D07ED52223AA549900E7712A /* StringExtension.swift */ = {isa = PBXFileReference; fileEncoding = 4; lastKnownFileType = sourcecode.swift; path = StringExtension.swift; sourceTree = "<group>"; };
		D07ED52423AA549900E7712A /* NodeLogic.swift */ = {isa = PBXFileReference; fileEncoding = 4; lastKnownFileType = sourcecode.swift; path = NodeLogic.swift; sourceTree = "<group>"; };
		D07ED52623AA549900E7712A /* whiteBroom.png */ = {isa = PBXFileReference; lastKnownFileType = image.png; path = whiteBroom.png; sourceTree = "<group>"; };
		D07ED52723AA549900E7712A /* 1024.png */ = {isa = PBXFileReference; lastKnownFileType = image.png; path = 1024.png; sourceTree = "<group>"; };
		D07ED52823AA549900E7712A /* whiteLock.png */ = {isa = PBXFileReference; lastKnownFileType = image.png; path = whiteLock.png; sourceTree = "<group>"; };
		D07ED52923AA549900E7712A /* addNode.PNG */ = {isa = PBXFileReference; lastKnownFileType = image.png; path = addNode.PNG; sourceTree = "<group>"; };
		D07ED52A23AA549900E7712A /* settings90.png */ = {isa = PBXFileReference; lastKnownFileType = image.png; path = settings90.png; sourceTree = "<group>"; };
		D07ED52B23AA549900E7712A /* whitePlus.png */ = {isa = PBXFileReference; lastKnownFileType = image.png; path = whitePlus.png; sourceTree = "<group>"; };
		D07ED52C23AA549900E7712A /* whiteFingerPrint.png */ = {isa = PBXFileReference; lastKnownFileType = image.png; path = whiteFingerPrint.png; sourceTree = "<group>"; };
		D07ED52D23AA549900E7712A /* clear.png */ = {isa = PBXFileReference; lastKnownFileType = image.png; path = clear.png; sourceTree = "<group>"; };
		D07ED52E23AA549900E7712A /* screenShot.png */ = {isa = PBXFileReference; lastKnownFileType = image.png; path = screenShot.png; sourceTree = "<group>"; };
		D07ED52F23AA549900E7712A /* switcher.PNG */ = {isa = PBXFileReference; lastKnownFileType = image.png; path = switcher.PNG; sourceTree = "<group>"; };
		D07ED53023AA549900E7712A /* strobe.png */ = {isa = PBXFileReference; lastKnownFileType = image.png; path = strobe.png; sourceTree = "<group>"; };
		D07ED53123AA549900E7712A /* Search - tripkey.png */ = {isa = PBXFileReference; lastKnownFileType = image.png; path = "Search - tripkey.png"; sourceTree = "<group>"; };
		D07ED53223AA549900E7712A /* bWhite.png */ = {isa = PBXFileReference; lastKnownFileType = image.png; path = bWhite.png; sourceTree = "<group>"; };
		D07ED53323AA549900E7712A /* whiteCheck.png */ = {isa = PBXFileReference; lastKnownFileType = image.png; path = whiteCheck.png; sourceTree = "<group>"; };
		D07ED53423AA549900E7712A /* back.png */ = {isa = PBXFileReference; lastKnownFileType = image.png; path = back.png; sourceTree = "<group>"; };
		D07ED53523AA549900E7712A /* images.png */ = {isa = PBXFileReference; lastKnownFileType = image.png; path = images.png; sourceTree = "<group>"; };
		D07ED53723AA549A00E7712A /* CreateUnsigned.swift */ = {isa = PBXFileReference; fileEncoding = 4; lastKnownFileType = sourcecode.swift; path = CreateUnsigned.swift; sourceTree = "<group>"; };
		D07ED53823AA549A00E7712A /* Send.swift */ = {isa = PBXFileReference; fileEncoding = 4; lastKnownFileType = sourcecode.swift; path = Send.swift; sourceTree = "<group>"; };
		D07ED53923AA549A00E7712A /* SendUTXO.swift */ = {isa = PBXFileReference; fileEncoding = 4; lastKnownFileType = sourcecode.swift; path = SendUTXO.swift; sourceTree = "<group>"; };
		D07ED53A23AA549A00E7712A /* WalletCreator.swift */ = {isa = PBXFileReference; fileEncoding = 4; lastKnownFileType = sourcecode.swift; path = WalletCreator.swift; sourceTree = "<group>"; };
		D07ED53B23AA549A00E7712A /* GetSmartFee.swift */ = {isa = PBXFileReference; fileEncoding = 4; lastKnownFileType = sourcecode.swift; path = GetSmartFee.swift; sourceTree = "<group>"; };
		D07ED53E23AA549A00E7712A /* SeedViewController.swift */ = {isa = PBXFileReference; fileEncoding = 4; lastKnownFileType = sourcecode.swift; path = SeedViewController.swift; sourceTree = "<group>"; };
		D07ED53F23AA549A00E7712A /* QRViewController.swift */ = {isa = PBXFileReference; fileEncoding = 4; lastKnownFileType = sourcecode.swift; path = QRViewController.swift; sourceTree = "<group>"; };
		D07ED54023AA549A00E7712A /* SettingsViewController.swift */ = {isa = PBXFileReference; fileEncoding = 4; lastKnownFileType = sourcecode.swift; path = SettingsViewController.swift; sourceTree = "<group>"; };
		D07ED54123AA549A00E7712A /* SecurityCenterViewController.swift */ = {isa = PBXFileReference; fileEncoding = 4; lastKnownFileType = sourcecode.swift; path = SecurityCenterViewController.swift; sourceTree = "<group>"; };
		D07ED54523AA549A00E7712A /* CreateRawTxViewController.swift */ = {isa = PBXFileReference; fileEncoding = 4; lastKnownFileType = sourcecode.swift; path = CreateRawTxViewController.swift; sourceTree = "<group>"; };
		D07ED54723AA549A00E7712A /* LockedViewController.swift */ = {isa = PBXFileReference; fileEncoding = 4; lastKnownFileType = sourcecode.swift; path = LockedViewController.swift; sourceTree = "<group>"; };
		D07ED54823AA549A00E7712A /* UTXOViewController.swift */ = {isa = PBXFileReference; fileEncoding = 4; lastKnownFileType = sourcecode.swift; path = UTXOViewController.swift; sourceTree = "<group>"; };
		D07ED54923AA549A00E7712A /* ConfirmViewController.swift */ = {isa = PBXFileReference; fileEncoding = 4; lastKnownFileType = sourcecode.swift; path = ConfirmViewController.swift; sourceTree = "<group>"; };
		D07ED55323AA549A00E7712A /* InvoiceViewController.swift */ = {isa = PBXFileReference; fileEncoding = 4; lastKnownFileType = sourcecode.swift; path = InvoiceViewController.swift; sourceTree = "<group>"; };
		D07ED55623AA549A00E7712A /* TransactionViewController.swift */ = {isa = PBXFileReference; fileEncoding = 4; lastKnownFileType = sourcecode.swift; path = TransactionViewController.swift; sourceTree = "<group>"; };
		D07ED55723AA549A00E7712A /* AuthenticateViewController.swift */ = {isa = PBXFileReference; fileEncoding = 4; lastKnownFileType = sourcecode.swift; path = AuthenticateViewController.swift; sourceTree = "<group>"; };
		D07ED55823AA549A00E7712A /* MainMenuViewController.swift */ = {isa = PBXFileReference; fileEncoding = 4; lastKnownFileType = sourcecode.swift; path = MainMenuViewController.swift; sourceTree = "<group>"; };
		D07ED55923AA549A00E7712A /* ScannerViewController.swift */ = {isa = PBXFileReference; fileEncoding = 4; lastKnownFileType = sourcecode.swift; path = ScannerViewController.swift; sourceTree = "<group>"; };
		D07ED55A23AA549A00E7712A /* IntroViewController.swift */ = {isa = PBXFileReference; fileEncoding = 4; lastKnownFileType = sourcecode.swift; path = IntroViewController.swift; sourceTree = "<group>"; };
		D07ED55C23AA549A00E7712A /* LogInViewController.swift */ = {isa = PBXFileReference; fileEncoding = 4; lastKnownFileType = sourcecode.swift; path = LogInViewController.swift; sourceTree = "<group>"; };
		D07ED55D23AA549A00E7712A /* PageViewController.swift */ = {isa = PBXFileReference; fileEncoding = 4; lastKnownFileType = sourcecode.swift; path = PageViewController.swift; sourceTree = "<group>"; };
		D07ED56023AA549B00E7712A /* QRGenerator.swift */ = {isa = PBXFileReference; fileEncoding = 4; lastKnownFileType = sourcecode.swift; path = QRGenerator.swift; sourceTree = "<group>"; };
		D07ED56223AA549B00E7712A /* KeyPadButtonView.xib */ = {isa = PBXFileReference; fileEncoding = 4; lastKnownFileType = file.xib; path = KeyPadButtonView.xib; sourceTree = "<group>"; };
		D07ED56323AA549B00E7712A /* KeyPad.swift */ = {isa = PBXFileReference; fileEncoding = 4; lastKnownFileType = sourcecode.swift; path = KeyPad.swift; sourceTree = "<group>"; };
		D07ED56523AA549B00E7712A /* ConnectingView.swift */ = {isa = PBXFileReference; fileEncoding = 4; lastKnownFileType = sourcecode.swift; path = ConnectingView.swift; sourceTree = "<group>"; };
		D07ED56723AA549B00E7712A /* ErrorView.swift */ = {isa = PBXFileReference; fileEncoding = 4; lastKnownFileType = sourcecode.swift; path = ErrorView.swift; sourceTree = "<group>"; };
		D07ED56923AA549B00E7712A /* RawDisplayer.swift */ = {isa = PBXFileReference; fileEncoding = 4; lastKnownFileType = sourcecode.swift; path = RawDisplayer.swift; sourceTree = "<group>"; };
		D07ED56B23AA549B00E7712A /* QRScanner.swift */ = {isa = PBXFileReference; fileEncoding = 4; lastKnownFileType = sourcecode.swift; path = QRScanner.swift; sourceTree = "<group>"; };
		D07ED5B823AA560000E7712A /* KeychainSwift.framework */ = {isa = PBXFileReference; lastKnownFileType = wrapper.framework; name = KeychainSwift.framework; path = Carthage/Build/iOS/KeychainSwift.framework; sourceTree = "<group>"; };
		D07ED5B923AA560100E7712A /* CryptoSwift.framework */ = {isa = PBXFileReference; lastKnownFileType = wrapper.framework; name = CryptoSwift.framework; path = Carthage/Build/iOS/CryptoSwift.framework; sourceTree = "<group>"; };
		D07ED5BA23AA560100E7712A /* Tor.framework */ = {isa = PBXFileReference; lastKnownFileType = wrapper.framework; name = Tor.framework; path = Carthage/Build/iOS/Tor.framework; sourceTree = "<group>"; };
		D07ED5C423AA66DC00E7712A /* README.md */ = {isa = PBXFileReference; lastKnownFileType = net.daringfireball.markdown; path = README.md; sourceTree = "<group>"; };
/* End PBXFileReference section */

/* Begin PBXFrameworksBuildPhase section */
		D07ED4C023AA4F0000E7712A /* Frameworks */ = {
			isa = PBXFrameworksBuildPhase;
			buildActionMask = 2147483647;
			files = (
				D07ED5BD23AA560100E7712A /* CryptoSwift.framework in Frameworks */,
				D07ED5BB23AA560100E7712A /* KeychainSwift.framework in Frameworks */,
				D07ED5BF23AA560100E7712A /* Tor.framework in Frameworks */,
				1C37A9908DBAA4D27F1B5F0A /* libPods-StandUp-iOS.a in Frameworks */,
			);
			runOnlyForDeploymentPostprocessing = 0;
		};
		D07ED4D923AA4F0600E7712A /* Frameworks */ = {
			isa = PBXFrameworksBuildPhase;
			buildActionMask = 2147483647;
			files = (
				925CB0EBDBB75D74ABE35ACD /* libPods-StandUp-iOSTests.a in Frameworks */,
			);
			runOnlyForDeploymentPostprocessing = 0;
		};
		D07ED4E423AA4F0600E7712A /* Frameworks */ = {
			isa = PBXFrameworksBuildPhase;
			buildActionMask = 2147483647;
			files = (
			);
			runOnlyForDeploymentPostprocessing = 0;
		};
/* End PBXFrameworksBuildPhase section */

/* Begin PBXGroup section */
		A64E4DDE178F3884AD169CAF /* Pods */ = {
			isa = PBXGroup;
			children = (
				3BA97D89144881724365E39F /* Pods-StandUp-iOS.debug.xcconfig */,
				61E1C43E5B5AA58E1794C386 /* Pods-StandUp-iOS.release.xcconfig */,
				3577AE249B132F3E2A09A5D5 /* Pods-StandUp-iOSTests.debug.xcconfig */,
				58A1BD7FC135E583ABBF43C9 /* Pods-StandUp-iOSTests.release.xcconfig */,
			);
			path = Pods;
			sourceTree = "<group>";
		};
		CCEB91CF25A163911D57063E /* Frameworks */ = {
			isa = PBXGroup;
			children = (
				D07ED5B923AA560100E7712A /* CryptoSwift.framework */,
				D07ED5B823AA560000E7712A /* KeychainSwift.framework */,
				D07ED5BA23AA560100E7712A /* Tor.framework */,
				72C8D9AC710FBF402951B365 /* libPods-StandUp-iOS.a */,
				5C0381959B711B41EBEF758A /* libPods-StandUp-iOSTests.a */,
			);
			name = Frameworks;
			sourceTree = "<group>";
		};
		D07ED4BA23AA4EFF00E7712A = {
			isa = PBXGroup;
			children = (
				D07ED5C423AA66DC00E7712A /* README.md */,
				D07ED4C523AA4F0000E7712A /* StandUp-iOS */,
				D07ED4DF23AA4F0600E7712A /* StandUp-iOSTests */,
				D07ED4EA23AA4F0600E7712A /* StandUp-iOSUITests */,
				D07ED4C423AA4F0000E7712A /* Products */,
				A64E4DDE178F3884AD169CAF /* Pods */,
				CCEB91CF25A163911D57063E /* Frameworks */,
			);
			sourceTree = "<group>";
		};
		D07ED4C423AA4F0000E7712A /* Products */ = {
			isa = PBXGroup;
			children = (
				D07ED4C323AA4F0000E7712A /* StandUp-iOS.app */,
				D07ED4DC23AA4F0600E7712A /* StandUp-iOSTests.xctest */,
				D07ED4E723AA4F0600E7712A /* StandUp-iOSUITests.xctest */,
			);
			name = Products;
			sourceTree = "<group>";
		};
		D07ED4C523AA4F0000E7712A /* StandUp-iOS */ = {
			isa = PBXGroup;
			children = (
				D07ED50623AA549900E7712A /* Helpers */,
				D07ED52523AA549900E7712A /* Images */,
				D07ED51B23AA549900E7712A /* Miscellaneous */,
				D07ED52323AA549900E7712A /* Node Logic */,
				D07ED50223AA549800E7712A /* Structs */,
				D07ED55E23AA549B00E7712A /* Sub Views */,
				D07ED53C23AA549A00E7712A /* View Controllers */,
				D07ED53623AA549A00E7712A /* Wallet Logic */,
				D07ED4FF23AA546700E7712A /* LaunchScreen.storyboard */,
				D07ED4FE23AA546600E7712A /* Main.storyboard */,
				D07ED4F923AA4F0F00E7712A /* StandUp-iOS.entitlements */,
				D07ED4C623AA4F0000E7712A /* AppDelegate.swift */,
				D07ED4C823AA4F0000E7712A /* SceneDelegate.swift */,
				D07ED4D223AA4F0600E7712A /* Assets.xcassets */,
				D07ED4D723AA4F0600E7712A /* Info.plist */,
				D07ED4CF23AA4F0000E7712A /* StandUp_iOS.xcdatamodeld */,
				D07ED4FC23AA51E700E7712A /* ObjectiveCHeader.m */,
				D07ED4FB23AA51E600E7712A /* StandUp-iOS-Bridging-Header.h */,
			);
			path = "StandUp-iOS";
			sourceTree = "<group>";
		};
		D07ED4DF23AA4F0600E7712A /* StandUp-iOSTests */ = {
			isa = PBXGroup;
			children = (
				D07ED4E023AA4F0600E7712A /* StandUp_iOSTests.swift */,
				D07ED4E223AA4F0600E7712A /* Info.plist */,
			);
			path = "StandUp-iOSTests";
			sourceTree = "<group>";
		};
		D07ED4EA23AA4F0600E7712A /* StandUp-iOSUITests */ = {
			isa = PBXGroup;
			children = (
				D07ED4EB23AA4F0600E7712A /* StandUp_iOSUITests.swift */,
				D07ED4ED23AA4F0600E7712A /* Info.plist */,
			);
			path = "StandUp-iOSUITests";
			sourceTree = "<group>";
		};
		D07ED50223AA549800E7712A /* Structs */ = {
			isa = PBXGroup;
			children = (
				D07ED50323AA549800E7712A /* NodeStruct.swift */,
				D07ED50523AA549800E7712A /* HomeTableStruct.swift */,
			);
			path = Structs;
			sourceTree = "<group>";
		};
		D07ED50623AA549900E7712A /* Helpers */ = {
			isa = PBXGroup;
			children = (
				D07ED50723AA549900E7712A /* Entities.swift */,
				D07ED50923AA549900E7712A /* Reducer.swift */,
				D07ED50A23AA549900E7712A /* CoreDataService.swift */,
				D07ED50C23AA549900E7712A /* FirstTime.swift */,
				D07ED50D23AA549900E7712A /* MnemonicCreator.swift */,
				D07ED50E23AA549900E7712A /* KeyFetcher.swift */,
				D07ED50F23AA549900E7712A /* Commands.swift */,
				D07ED51023AA549900E7712A /* KeychainCreator.swift */,
				D07ED51123AA549900E7712A /* QuickConnect.swift */,
				D07ED51223AA549900E7712A /* Tor */,
				D07ED51423AA549900E7712A /* Encryption.swift */,
				D07ED51523AA549900E7712A /* AESService.swift */,
				D07ED51623AA549900E7712A /* AddressParser.swift */,
				D07ED51723AA549900E7712A /* Connector.swift */,
				D07ED51823AA549900E7712A /* FiatConverter.swift */,
			);
			path = Helpers;
			sourceTree = "<group>";
		};
		D07ED51223AA549900E7712A /* Tor */ = {
			isa = PBXGroup;
			children = (
				D07ED51A23AA549900E7712A /* TorClient.swift */,
				D07ED51323AA549900E7712A /* MakeRPCCall.swift */,
			);
			path = Tor;
			sourceTree = "<group>";
		};
		D07ED51B23AA549900E7712A /* Miscellaneous */ = {
			isa = PBXGroup;
			children = (
				D07ED51C23AA549900E7712A /* Utilities.swift */,
				D07ED51D23AA549900E7712A /* Transition.swift */,
				D07ED51E23AA549900E7712A /* Base32 Key Gen */,
			);
			path = Miscellaneous;
			sourceTree = "<group>";
		};
		D07ED51E23AA549900E7712A /* Base32 Key Gen */ = {
			isa = PBXGroup;
			children = (
				D07ED51F23AA549900E7712A /* KeyGen.swift */,
				D07ED52023AA549900E7712A /* Base32.swift */,
				D07ED52123AA549900E7712A /* shim.swift */,
				D07ED52223AA549900E7712A /* StringExtension.swift */,
			);
			path = "Base32 Key Gen";
			sourceTree = "<group>";
		};
		D07ED52323AA549900E7712A /* Node Logic */ = {
			isa = PBXGroup;
			children = (
				D07ED52423AA549900E7712A /* NodeLogic.swift */,
			);
			path = "Node Logic";
			sourceTree = "<group>";
		};
		D07ED52523AA549900E7712A /* Images */ = {
			isa = PBXGroup;
			children = (
				D07ED52623AA549900E7712A /* whiteBroom.png */,
				D07ED52723AA549900E7712A /* 1024.png */,
				D07ED52823AA549900E7712A /* whiteLock.png */,
				D07ED52923AA549900E7712A /* addNode.PNG */,
				D07ED52A23AA549900E7712A /* settings90.png */,
				D07ED52B23AA549900E7712A /* whitePlus.png */,
				D07ED52C23AA549900E7712A /* whiteFingerPrint.png */,
				D07ED52D23AA549900E7712A /* clear.png */,
				D07ED52E23AA549900E7712A /* screenShot.png */,
				D07ED52F23AA549900E7712A /* switcher.PNG */,
				D07ED53023AA549900E7712A /* strobe.png */,
				D07ED53123AA549900E7712A /* Search - tripkey.png */,
				D07ED53223AA549900E7712A /* bWhite.png */,
				D07ED53323AA549900E7712A /* whiteCheck.png */,
				D07ED53423AA549900E7712A /* back.png */,
				D07ED53523AA549900E7712A /* images.png */,
			);
			path = Images;
			sourceTree = "<group>";
		};
		D07ED53623AA549A00E7712A /* Wallet Logic */ = {
			isa = PBXGroup;
			children = (
				D07ED53723AA549A00E7712A /* CreateUnsigned.swift */,
				D07ED53823AA549A00E7712A /* Send.swift */,
				D07ED53923AA549A00E7712A /* SendUTXO.swift */,
				D07ED53A23AA549A00E7712A /* WalletCreator.swift */,
				D07ED53B23AA549A00E7712A /* GetSmartFee.swift */,
			);
			path = "Wallet Logic";
			sourceTree = "<group>";
		};
		D07ED53C23AA549A00E7712A /* View Controllers */ = {
			isa = PBXGroup;
			children = (
				D07ED53D23AA549A00E7712A /* Settings */,
				D07ED54223AA549A00E7712A /* Home */,
				D07ED5C323AA60FA00E7712A /* Intro */,
				D07ED55B23AA549A00E7712A /* Unlock Screen */,
			);
			path = "View Controllers";
			sourceTree = "<group>";
		};
		D07ED53D23AA549A00E7712A /* Settings */ = {
			isa = PBXGroup;
			children = (
				D07ED53E23AA549A00E7712A /* SeedViewController.swift */,
				D07ED53F23AA549A00E7712A /* QRViewController.swift */,
				D07ED54023AA549A00E7712A /* SettingsViewController.swift */,
				D07ED54123AA549A00E7712A /* SecurityCenterViewController.swift */,
			);
			path = Settings;
			sourceTree = "<group>";
		};
		D07ED54223AA549A00E7712A /* Home */ = {
			isa = PBXGroup;
			children = (
				D07ED54323AA549A00E7712A /* Outgoing */,
				D07ED54A23AA549A00E7712A /* Incoming */,
				D07ED55423AA549A00E7712A /* Home Screen */,
			);
			path = Home;
			sourceTree = "<group>";
		};
		D07ED54323AA549A00E7712A /* Outgoing */ = {
			isa = PBXGroup;
			children = (
				D07ED54423AA549A00E7712A /* Raw Tx */,
				D07ED54623AA549A00E7712A /* UTXO's */,
				D07ED54923AA549A00E7712A /* ConfirmViewController.swift */,
			);
			path = Outgoing;
			sourceTree = "<group>";
		};
		D07ED54423AA549A00E7712A /* Raw Tx */ = {
			isa = PBXGroup;
			children = (
				D07ED54523AA549A00E7712A /* CreateRawTxViewController.swift */,
			);
			path = "Raw Tx";
			sourceTree = "<group>";
		};
		D07ED54623AA549A00E7712A /* UTXO's */ = {
			isa = PBXGroup;
			children = (
				D07ED54723AA549A00E7712A /* LockedViewController.swift */,
				D07ED54823AA549A00E7712A /* UTXOViewController.swift */,
			);
			path = "UTXO's";
			sourceTree = "<group>";
		};
		D07ED54A23AA549A00E7712A /* Incoming */ = {
			isa = PBXGroup;
			children = (
				D07ED55223AA549A00E7712A /* Invoice */,
			);
			path = Incoming;
			sourceTree = "<group>";
		};
		D07ED55223AA549A00E7712A /* Invoice */ = {
			isa = PBXGroup;
			children = (
				D07ED55323AA549A00E7712A /* InvoiceViewController.swift */,
			);
			path = Invoice;
			sourceTree = "<group>";
		};
		D07ED55423AA549A00E7712A /* Home Screen */ = {
			isa = PBXGroup;
			children = (
				D07ED55523AA549A00E7712A /* Transaction Viewer */,
				D07ED55723AA549A00E7712A /* AuthenticateViewController.swift */,
				D07ED55823AA549A00E7712A /* MainMenuViewController.swift */,
				D07ED55923AA549A00E7712A /* ScannerViewController.swift */,
			);
			path = "Home Screen";
			sourceTree = "<group>";
		};
		D07ED55523AA549A00E7712A /* Transaction Viewer */ = {
			isa = PBXGroup;
			children = (
				D07ED55623AA549A00E7712A /* TransactionViewController.swift */,
			);
			path = "Transaction Viewer";
			sourceTree = "<group>";
		};
		D07ED55B23AA549A00E7712A /* Unlock Screen */ = {
			isa = PBXGroup;
			children = (
				D07ED55C23AA549A00E7712A /* LogInViewController.swift */,
			);
			path = "Unlock Screen";
			sourceTree = "<group>";
		};
		D07ED55E23AA549B00E7712A /* Sub Views */ = {
			isa = PBXGroup;
			children = (
				D07ED55F23AA549B00E7712A /* QR Generator */,
				D07ED56123AA549B00E7712A /* Number Pad */,
				D07ED56423AA549B00E7712A /* Spinner View */,
				D07ED56623AA549B00E7712A /* Alert View */,
				D07ED56823AA549B00E7712A /* Raw Transaction Displayer */,
				D07ED56A23AA549B00E7712A /* QR Scanner */,
			);
			path = "Sub Views";
			sourceTree = "<group>";
		};
		D07ED55F23AA549B00E7712A /* QR Generator */ = {
			isa = PBXGroup;
			children = (
				D07ED56023AA549B00E7712A /* QRGenerator.swift */,
			);
			path = "QR Generator";
			sourceTree = "<group>";
		};
		D07ED56123AA549B00E7712A /* Number Pad */ = {
			isa = PBXGroup;
			children = (
				D07ED56223AA549B00E7712A /* KeyPadButtonView.xib */,
				D07ED56323AA549B00E7712A /* KeyPad.swift */,
			);
			path = "Number Pad";
			sourceTree = "<group>";
		};
		D07ED56423AA549B00E7712A /* Spinner View */ = {
			isa = PBXGroup;
			children = (
				D07ED56523AA549B00E7712A /* ConnectingView.swift */,
			);
			path = "Spinner View";
			sourceTree = "<group>";
		};
		D07ED56623AA549B00E7712A /* Alert View */ = {
			isa = PBXGroup;
			children = (
				D07ED56723AA549B00E7712A /* ErrorView.swift */,
			);
			path = "Alert View";
			sourceTree = "<group>";
		};
		D07ED56823AA549B00E7712A /* Raw Transaction Displayer */ = {
			isa = PBXGroup;
			children = (
				D07ED56923AA549B00E7712A /* RawDisplayer.swift */,
			);
			path = "Raw Transaction Displayer";
			sourceTree = "<group>";
		};
		D07ED56A23AA549B00E7712A /* QR Scanner */ = {
			isa = PBXGroup;
			children = (
				D07ED56B23AA549B00E7712A /* QRScanner.swift */,
			);
			path = "QR Scanner";
			sourceTree = "<group>";
		};
		D07ED5C323AA60FA00E7712A /* Intro */ = {
			isa = PBXGroup;
			children = (
				D07ED55A23AA549A00E7712A /* IntroViewController.swift */,
				D07ED55D23AA549A00E7712A /* PageViewController.swift */,
			);
			path = Intro;
			sourceTree = "<group>";
		};
/* End PBXGroup section */

/* Begin PBXNativeTarget section */
		D07ED4C223AA4F0000E7712A /* StandUp-iOS */ = {
			isa = PBXNativeTarget;
			buildConfigurationList = D07ED4F023AA4F0600E7712A /* Build configuration list for PBXNativeTarget "StandUp-iOS" */;
			buildPhases = (
				5311FD6AACCA28505D0DFEEA /* [CP] Check Pods Manifest.lock */,
				D07ED4BF23AA4F0000E7712A /* Sources */,
				D07ED4C023AA4F0000E7712A /* Frameworks */,
				D07ED4C123AA4F0000E7712A /* Resources */,
				D07ED5C123AA560100E7712A /* Embed Frameworks */,
				D07ED5C223AA560B00E7712A /* ShellScript */,
			);
			buildRules = (
			);
			dependencies = (
			);
			name = "StandUp-iOS";
			productName = "StandUp-iOS";
			productReference = D07ED4C323AA4F0000E7712A /* StandUp-iOS.app */;
			productType = "com.apple.product-type.application";
		};
		D07ED4DB23AA4F0600E7712A /* StandUp-iOSTests */ = {
			isa = PBXNativeTarget;
			buildConfigurationList = D07ED4F323AA4F0600E7712A /* Build configuration list for PBXNativeTarget "StandUp-iOSTests" */;
			buildPhases = (
				D0829F38F57A1E40CEE8DEB3 /* [CP] Check Pods Manifest.lock */,
				D07ED4D823AA4F0600E7712A /* Sources */,
				D07ED4D923AA4F0600E7712A /* Frameworks */,
				D07ED4DA23AA4F0600E7712A /* Resources */,
			);
			buildRules = (
			);
			dependencies = (
				D07ED4DE23AA4F0600E7712A /* PBXTargetDependency */,
			);
			name = "StandUp-iOSTests";
			productName = "StandUp-iOSTests";
			productReference = D07ED4DC23AA4F0600E7712A /* StandUp-iOSTests.xctest */;
			productType = "com.apple.product-type.bundle.unit-test";
		};
		D07ED4E623AA4F0600E7712A /* StandUp-iOSUITests */ = {
			isa = PBXNativeTarget;
			buildConfigurationList = D07ED4F623AA4F0600E7712A /* Build configuration list for PBXNativeTarget "StandUp-iOSUITests" */;
			buildPhases = (
				D07ED4E323AA4F0600E7712A /* Sources */,
				D07ED4E423AA4F0600E7712A /* Frameworks */,
				D07ED4E523AA4F0600E7712A /* Resources */,
			);
			buildRules = (
			);
			dependencies = (
				D07ED4E923AA4F0600E7712A /* PBXTargetDependency */,
			);
			name = "StandUp-iOSUITests";
			productName = "StandUp-iOSUITests";
			productReference = D07ED4E723AA4F0600E7712A /* StandUp-iOSUITests.xctest */;
			productType = "com.apple.product-type.bundle.ui-testing";
		};
/* End PBXNativeTarget section */

/* Begin PBXProject section */
		D07ED4BB23AA4EFF00E7712A /* Project object */ = {
			isa = PBXProject;
			attributes = {
				LastSwiftUpdateCheck = 1110;
				LastUpgradeCheck = 1110;
				ORGANIZATIONNAME = "Blockchain Commons, LLC";
				TargetAttributes = {
					D07ED4C223AA4F0000E7712A = {
						CreatedOnToolsVersion = 11.1;
						LastSwiftMigration = 1110;
					};
					D07ED4DB23AA4F0600E7712A = {
						CreatedOnToolsVersion = 11.1;
						TestTargetID = D07ED4C223AA4F0000E7712A;
					};
					D07ED4E623AA4F0600E7712A = {
						CreatedOnToolsVersion = 11.1;
						TestTargetID = D07ED4C223AA4F0000E7712A;
					};
				};
			};
			buildConfigurationList = D07ED4BE23AA4EFF00E7712A /* Build configuration list for PBXProject "StandUp-iOS" */;
			compatibilityVersion = "Xcode 9.3";
			developmentRegion = en;
			hasScannedForEncodings = 0;
			knownRegions = (
				en,
				Base,
			);
			mainGroup = D07ED4BA23AA4EFF00E7712A;
			productRefGroup = D07ED4C423AA4F0000E7712A /* Products */;
			projectDirPath = "";
			projectRoot = "";
			targets = (
				D07ED4C223AA4F0000E7712A /* StandUp-iOS */,
				D07ED4DB23AA4F0600E7712A /* StandUp-iOSTests */,
				D07ED4E623AA4F0600E7712A /* StandUp-iOSUITests */,
			);
		};
/* End PBXProject section */

/* Begin PBXResourcesBuildPhase section */
		D07ED4C123AA4F0000E7712A /* Resources */ = {
			isa = PBXResourcesBuildPhase;
			buildActionMask = 2147483647;
			files = (
				D07ED59423AA549B00E7712A /* bWhite.png in Resources */,
				D07ED50123AA546700E7712A /* LaunchScreen.storyboard in Resources */,
				D07ED59623AA549B00E7712A /* back.png in Resources */,
				D07ED5C523AA66DC00E7712A /* README.md in Resources */,
				D07ED58823AA549B00E7712A /* whiteBroom.png in Resources */,
				D07ED58923AA549B00E7712A /* 1024.png in Resources */,
				D07ED59323AA549B00E7712A /* Search - tripkey.png in Resources */,
				D07ED58C23AA549B00E7712A /* settings90.png in Resources */,
				D07ED4D323AA4F0600E7712A /* Assets.xcassets in Resources */,
				D07ED59123AA549B00E7712A /* switcher.PNG in Resources */,
				D07ED58D23AA549B00E7712A /* whitePlus.png in Resources */,
				D07ED58A23AA549B00E7712A /* whiteLock.png in Resources */,
				D07ED59223AA549B00E7712A /* strobe.png in Resources */,
				D07ED59023AA549B00E7712A /* screenShot.png in Resources */,
				D07ED58B23AA549B00E7712A /* addNode.PNG in Resources */,
				D07ED5B223AA549B00E7712A /* KeyPadButtonView.xib in Resources */,
				D07ED58E23AA549B00E7712A /* whiteFingerPrint.png in Resources */,
				D07ED50023AA546700E7712A /* Main.storyboard in Resources */,
				D07ED59723AA549B00E7712A /* images.png in Resources */,
				D07ED58F23AA549B00E7712A /* clear.png in Resources */,
				D07ED59523AA549B00E7712A /* whiteCheck.png in Resources */,
			);
			runOnlyForDeploymentPostprocessing = 0;
		};
		D07ED4DA23AA4F0600E7712A /* Resources */ = {
			isa = PBXResourcesBuildPhase;
			buildActionMask = 2147483647;
			files = (
			);
			runOnlyForDeploymentPostprocessing = 0;
		};
		D07ED4E523AA4F0600E7712A /* Resources */ = {
			isa = PBXResourcesBuildPhase;
			buildActionMask = 2147483647;
			files = (
			);
			runOnlyForDeploymentPostprocessing = 0;
		};
/* End PBXResourcesBuildPhase section */

/* Begin PBXShellScriptBuildPhase section */
		5311FD6AACCA28505D0DFEEA /* [CP] Check Pods Manifest.lock */ = {
			isa = PBXShellScriptBuildPhase;
			buildActionMask = 2147483647;
			files = (
			);
			inputFileListPaths = (
			);
			inputPaths = (
				"${PODS_PODFILE_DIR_PATH}/Podfile.lock",
				"${PODS_ROOT}/Manifest.lock",
			);
			name = "[CP] Check Pods Manifest.lock";
			outputFileListPaths = (
			);
			outputPaths = (
				"$(DERIVED_FILE_DIR)/Pods-StandUp-iOS-checkManifestLockResult.txt",
			);
			runOnlyForDeploymentPostprocessing = 0;
			shellPath = /bin/sh;
			shellScript = "diff \"${PODS_PODFILE_DIR_PATH}/Podfile.lock\" \"${PODS_ROOT}/Manifest.lock\" > /dev/null\nif [ $? != 0 ] ; then\n    # print error to STDERR\n    echo \"error: The sandbox is not in sync with the Podfile.lock. Run 'pod install' or update your CocoaPods installation.\" >&2\n    exit 1\nfi\n# This output is used by Xcode 'outputs' to avoid re-running this script phase.\necho \"SUCCESS\" > \"${SCRIPT_OUTPUT_FILE_0}\"\n";
			showEnvVarsInLog = 0;
		};
		D07ED5C223AA560B00E7712A /* ShellScript */ = {
			isa = PBXShellScriptBuildPhase;
			buildActionMask = 2147483647;
			files = (
			);
			inputFileListPaths = (
			);
			inputPaths = (
				"$(SRCROOT)/Carthage/Build/iOS/Tor.framework",
				"$(SRCROOT)/Carthage/Build/iOS/KeychainSwift.framework",
				"$(SRCROOT)/Carthage/Build/iOS/CryptoSwift.framework",
			);
			outputFileListPaths = (
			);
			outputPaths = (
			);
			runOnlyForDeploymentPostprocessing = 0;
			shellPath = /bin/sh;
			shellScript = "# Type a script or drag a script file from your workspace to insert its path.\n/usr/local/bin/carthage copy-frameworks\n";
		};
		D0829F38F57A1E40CEE8DEB3 /* [CP] Check Pods Manifest.lock */ = {
			isa = PBXShellScriptBuildPhase;
			buildActionMask = 2147483647;
			files = (
			);
			inputFileListPaths = (
			);
			inputPaths = (
				"${PODS_PODFILE_DIR_PATH}/Podfile.lock",
				"${PODS_ROOT}/Manifest.lock",
			);
			name = "[CP] Check Pods Manifest.lock";
			outputFileListPaths = (
			);
			outputPaths = (
				"$(DERIVED_FILE_DIR)/Pods-StandUp-iOSTests-checkManifestLockResult.txt",
			);
			runOnlyForDeploymentPostprocessing = 0;
			shellPath = /bin/sh;
			shellScript = "diff \"${PODS_PODFILE_DIR_PATH}/Podfile.lock\" \"${PODS_ROOT}/Manifest.lock\" > /dev/null\nif [ $? != 0 ] ; then\n    # print error to STDERR\n    echo \"error: The sandbox is not in sync with the Podfile.lock. Run 'pod install' or update your CocoaPods installation.\" >&2\n    exit 1\nfi\n# This output is used by Xcode 'outputs' to avoid re-running this script phase.\necho \"SUCCESS\" > \"${SCRIPT_OUTPUT_FILE_0}\"\n";
			showEnvVarsInLog = 0;
		};
/* End PBXShellScriptBuildPhase section */

/* Begin PBXSourcesBuildPhase section */
		D07ED4BF23AA4F0000E7712A /* Sources */ = {
			isa = PBXSourcesBuildPhase;
			buildActionMask = 2147483647;
			files = (
				D07ED57823AA549B00E7712A /* KeychainCreator.swift in Sources */,
				D07ED4FD23AA51E700E7712A /* ObjectiveCHeader.m in Sources */,
				D07ED57523AA549B00E7712A /* MnemonicCreator.swift in Sources */,
				D07ED58623AA549B00E7712A /* StringExtension.swift in Sources */,
				D07ED57723AA549B00E7712A /* Commands.swift in Sources */,
				D07ED4D123AA4F0000E7712A /* StandUp_iOS.xcdatamodeld in Sources */,
				D07ED5B523AA549B00E7712A /* ErrorView.swift in Sources */,
				D07ED5A423AA549B00E7712A /* ConfirmViewController.swift in Sources */,
				D07ED5B123AA549B00E7712A /* QRGenerator.swift in Sources */,
				D07ED59F23AA549B00E7712A /* SettingsViewController.swift in Sources */,
				D07ED5AA23AA549B00E7712A /* TransactionViewController.swift in Sources */,
				D07ED5A923AA549B00E7712A /* InvoiceViewController.swift in Sources */,
				D07ED5A123AA549B00E7712A /* CreateRawTxViewController.swift in Sources */,
				D07ED59923AA549B00E7712A /* Send.swift in Sources */,
				D07ED5A223AA549B00E7712A /* LockedViewController.swift in Sources */,
				D07ED57B23AA549B00E7712A /* Encryption.swift in Sources */,
				D07ED5AF23AA549B00E7712A /* LogInViewController.swift in Sources */,
				D07ED57123AA549B00E7712A /* Reducer.swift in Sources */,
				D07ED5A023AA549B00E7712A /* SecurityCenterViewController.swift in Sources */,
				D07ED57623AA549B00E7712A /* KeyFetcher.swift in Sources */,
				D07ED5B723AA549B00E7712A /* QRScanner.swift in Sources */,
				D07ED59E23AA549B00E7712A /* QRViewController.swift in Sources */,
				D07ED59A23AA549B00E7712A /* SendUTXO.swift in Sources */,
				D07ED57223AA549B00E7712A /* CoreDataService.swift in Sources */,
				D07ED5B323AA549B00E7712A /* KeyPad.swift in Sources */,
				D07ED5AE23AA549B00E7712A /* IntroViewController.swift in Sources */,
				D07ED59C23AA549B00E7712A /* GetSmartFee.swift in Sources */,
				D07ED58523AA549B00E7712A /* shim.swift in Sources */,
				D07ED57D23AA549B00E7712A /* AddressParser.swift in Sources */,
				D07ED4C723AA4F0000E7712A /* AppDelegate.swift in Sources */,
				D07ED57F23AA549B00E7712A /* FiatConverter.swift in Sources */,
				D07ED58423AA549B00E7712A /* Base32.swift in Sources */,
				D07ED59B23AA549B00E7712A /* WalletCreator.swift in Sources */,
				D07ED5B423AA549B00E7712A /* ConnectingView.swift in Sources */,
				D07ED58223AA549B00E7712A /* Transition.swift in Sources */,
				D07ED57A23AA549B00E7712A /* MakeRPCCall.swift in Sources */,
				D07ED58123AA549B00E7712A /* Utilities.swift in Sources */,
				D07ED56C23AA549B00E7712A /* NodeStruct.swift in Sources */,
				D07ED58023AA549B00E7712A /* TorClient.swift in Sources */,
				D07ED5AC23AA549B00E7712A /* MainMenuViewController.swift in Sources */,
				D07ED57C23AA549B00E7712A /* AESService.swift in Sources */,
				D07ED57923AA549B00E7712A /* QuickConnect.swift in Sources */,
				D07ED57423AA549B00E7712A /* FirstTime.swift in Sources */,
				D07ED5AB23AA549B00E7712A /* AuthenticateViewController.swift in Sources */,
				D07ED59D23AA549B00E7712A /* SeedViewController.swift in Sources */,
				D07ED5AD23AA549B00E7712A /* ScannerViewController.swift in Sources */,
				D07ED58723AA549B00E7712A /* NodeLogic.swift in Sources */,
				D07ED56F23AA549B00E7712A /* Entities.swift in Sources */,
				D07ED5A323AA549B00E7712A /* UTXOViewController.swift in Sources */,
				D07ED5B023AA549B00E7712A /* PageViewController.swift in Sources */,
				D07ED5B623AA549B00E7712A /* RawDisplayer.swift in Sources */,
				D07ED57E23AA549B00E7712A /* Connector.swift in Sources */,
				D07ED59823AA549B00E7712A /* CreateUnsigned.swift in Sources */,
				D07ED58323AA549B00E7712A /* KeyGen.swift in Sources */,
				D07ED56E23AA549B00E7712A /* HomeTableStruct.swift in Sources */,
				D07ED4C923AA4F0000E7712A /* SceneDelegate.swift in Sources */,
			);
			runOnlyForDeploymentPostprocessing = 0;
		};
		D07ED4D823AA4F0600E7712A /* Sources */ = {
			isa = PBXSourcesBuildPhase;
			buildActionMask = 2147483647;
			files = (
				D07ED4E123AA4F0600E7712A /* StandUp_iOSTests.swift in Sources */,
			);
			runOnlyForDeploymentPostprocessing = 0;
		};
		D07ED4E323AA4F0600E7712A /* Sources */ = {
			isa = PBXSourcesBuildPhase;
			buildActionMask = 2147483647;
			files = (
				D07ED4EC23AA4F0600E7712A /* StandUp_iOSUITests.swift in Sources */,
			);
			runOnlyForDeploymentPostprocessing = 0;
		};
/* End PBXSourcesBuildPhase section */

/* Begin PBXTargetDependency section */
		D07ED4DE23AA4F0600E7712A /* PBXTargetDependency */ = {
			isa = PBXTargetDependency;
			target = D07ED4C223AA4F0000E7712A /* StandUp-iOS */;
			targetProxy = D07ED4DD23AA4F0600E7712A /* PBXContainerItemProxy */;
		};
		D07ED4E923AA4F0600E7712A /* PBXTargetDependency */ = {
			isa = PBXTargetDependency;
			target = D07ED4C223AA4F0000E7712A /* StandUp-iOS */;
			targetProxy = D07ED4E823AA4F0600E7712A /* PBXContainerItemProxy */;
		};
/* End PBXTargetDependency section */

/* Begin XCBuildConfiguration section */
		D07ED4EE23AA4F0600E7712A /* Debug */ = {
			isa = XCBuildConfiguration;
			buildSettings = {
				ALWAYS_SEARCH_USER_PATHS = NO;
				CLANG_ANALYZER_NONNULL = YES;
				CLANG_ANALYZER_NUMBER_OBJECT_CONVERSION = YES_AGGRESSIVE;
				CLANG_CXX_LANGUAGE_STANDARD = "gnu++14";
				CLANG_CXX_LIBRARY = "libc++";
				CLANG_ENABLE_MODULES = YES;
				CLANG_ENABLE_OBJC_ARC = YES;
				CLANG_ENABLE_OBJC_WEAK = YES;
				CLANG_WARN_BLOCK_CAPTURE_AUTORELEASING = YES;
				CLANG_WARN_BOOL_CONVERSION = YES;
				CLANG_WARN_COMMA = YES;
				CLANG_WARN_CONSTANT_CONVERSION = YES;
				CLANG_WARN_DEPRECATED_OBJC_IMPLEMENTATIONS = YES;
				CLANG_WARN_DIRECT_OBJC_ISA_USAGE = YES_ERROR;
				CLANG_WARN_DOCUMENTATION_COMMENTS = YES;
				CLANG_WARN_EMPTY_BODY = YES;
				CLANG_WARN_ENUM_CONVERSION = YES;
				CLANG_WARN_INFINITE_RECURSION = YES;
				CLANG_WARN_INT_CONVERSION = YES;
				CLANG_WARN_NON_LITERAL_NULL_CONVERSION = YES;
				CLANG_WARN_OBJC_IMPLICIT_RETAIN_SELF = YES;
				CLANG_WARN_OBJC_LITERAL_CONVERSION = YES;
				CLANG_WARN_OBJC_ROOT_CLASS = YES_ERROR;
				CLANG_WARN_RANGE_LOOP_ANALYSIS = YES;
				CLANG_WARN_STRICT_PROTOTYPES = YES;
				CLANG_WARN_SUSPICIOUS_MOVE = YES;
				CLANG_WARN_UNGUARDED_AVAILABILITY = YES_AGGRESSIVE;
				CLANG_WARN_UNREACHABLE_CODE = YES;
				CLANG_WARN__DUPLICATE_METHOD_MATCH = YES;
				COPY_PHASE_STRIP = NO;
				DEBUG_INFORMATION_FORMAT = dwarf;
				ENABLE_STRICT_OBJC_MSGSEND = YES;
				ENABLE_TESTABILITY = YES;
				GCC_C_LANGUAGE_STANDARD = gnu11;
				GCC_DYNAMIC_NO_PIC = NO;
				GCC_NO_COMMON_BLOCKS = YES;
				GCC_OPTIMIZATION_LEVEL = 0;
				GCC_PREPROCESSOR_DEFINITIONS = (
					"DEBUG=1",
					"$(inherited)",
				);
				GCC_WARN_64_TO_32_BIT_CONVERSION = YES;
				GCC_WARN_ABOUT_RETURN_TYPE = YES_ERROR;
				GCC_WARN_UNDECLARED_SELECTOR = YES;
				GCC_WARN_UNINITIALIZED_AUTOS = YES_AGGRESSIVE;
				GCC_WARN_UNUSED_FUNCTION = YES;
				GCC_WARN_UNUSED_VARIABLE = YES;
				IPHONEOS_DEPLOYMENT_TARGET = 13.1;
				MTL_ENABLE_DEBUG_INFO = INCLUDE_SOURCE;
				MTL_FAST_MATH = YES;
				ONLY_ACTIVE_ARCH = YES;
				SDKROOT = iphoneos;
				SWIFT_ACTIVE_COMPILATION_CONDITIONS = DEBUG;
				SWIFT_OPTIMIZATION_LEVEL = "-Onone";
			};
			name = Debug;
		};
		D07ED4EF23AA4F0600E7712A /* Release */ = {
			isa = XCBuildConfiguration;
			buildSettings = {
				ALWAYS_SEARCH_USER_PATHS = NO;
				CLANG_ANALYZER_NONNULL = YES;
				CLANG_ANALYZER_NUMBER_OBJECT_CONVERSION = YES_AGGRESSIVE;
				CLANG_CXX_LANGUAGE_STANDARD = "gnu++14";
				CLANG_CXX_LIBRARY = "libc++";
				CLANG_ENABLE_MODULES = YES;
				CLANG_ENABLE_OBJC_ARC = YES;
				CLANG_ENABLE_OBJC_WEAK = YES;
				CLANG_WARN_BLOCK_CAPTURE_AUTORELEASING = YES;
				CLANG_WARN_BOOL_CONVERSION = YES;
				CLANG_WARN_COMMA = YES;
				CLANG_WARN_CONSTANT_CONVERSION = YES;
				CLANG_WARN_DEPRECATED_OBJC_IMPLEMENTATIONS = YES;
				CLANG_WARN_DIRECT_OBJC_ISA_USAGE = YES_ERROR;
				CLANG_WARN_DOCUMENTATION_COMMENTS = YES;
				CLANG_WARN_EMPTY_BODY = YES;
				CLANG_WARN_ENUM_CONVERSION = YES;
				CLANG_WARN_INFINITE_RECURSION = YES;
				CLANG_WARN_INT_CONVERSION = YES;
				CLANG_WARN_NON_LITERAL_NULL_CONVERSION = YES;
				CLANG_WARN_OBJC_IMPLICIT_RETAIN_SELF = YES;
				CLANG_WARN_OBJC_LITERAL_CONVERSION = YES;
				CLANG_WARN_OBJC_ROOT_CLASS = YES_ERROR;
				CLANG_WARN_RANGE_LOOP_ANALYSIS = YES;
				CLANG_WARN_STRICT_PROTOTYPES = YES;
				CLANG_WARN_SUSPICIOUS_MOVE = YES;
				CLANG_WARN_UNGUARDED_AVAILABILITY = YES_AGGRESSIVE;
				CLANG_WARN_UNREACHABLE_CODE = YES;
				CLANG_WARN__DUPLICATE_METHOD_MATCH = YES;
				COPY_PHASE_STRIP = NO;
				DEBUG_INFORMATION_FORMAT = "dwarf-with-dsym";
				ENABLE_NS_ASSERTIONS = NO;
				ENABLE_STRICT_OBJC_MSGSEND = YES;
				GCC_C_LANGUAGE_STANDARD = gnu11;
				GCC_NO_COMMON_BLOCKS = YES;
				GCC_WARN_64_TO_32_BIT_CONVERSION = YES;
				GCC_WARN_ABOUT_RETURN_TYPE = YES_ERROR;
				GCC_WARN_UNDECLARED_SELECTOR = YES;
				GCC_WARN_UNINITIALIZED_AUTOS = YES_AGGRESSIVE;
				GCC_WARN_UNUSED_FUNCTION = YES;
				GCC_WARN_UNUSED_VARIABLE = YES;
				IPHONEOS_DEPLOYMENT_TARGET = 13.1;
				MTL_ENABLE_DEBUG_INFO = NO;
				MTL_FAST_MATH = YES;
				SDKROOT = iphoneos;
				SWIFT_COMPILATION_MODE = wholemodule;
				SWIFT_OPTIMIZATION_LEVEL = "-O";
				VALIDATE_PRODUCT = YES;
			};
			name = Release;
		};
		D07ED4F123AA4F0600E7712A /* Debug */ = {
			isa = XCBuildConfiguration;
			baseConfigurationReference = 3BA97D89144881724365E39F /* Pods-StandUp-iOS.debug.xcconfig */;
			buildSettings = {
				ASSETCATALOG_COMPILER_APPICON_NAME = AppIcon;
				CLANG_ENABLE_MODULES = YES;
				CODE_SIGN_ENTITLEMENTS = "StandUp-iOS/StandUp-iOS.entitlements";
				CODE_SIGN_STYLE = Automatic;
				CURRENT_PROJECT_VERSION = 0.0.10;
				DERIVE_MACCATALYST_PRODUCT_BUNDLE_IDENTIFIER = YES;
				DEVELOPMENT_TEAM = YZHG975W3A;
				FRAMEWORK_SEARCH_PATHS = (
					"$(inherited)",
					"$(PROJECT_DIR)/Carthage/Build/iOS",
				);
				INFOPLIST_FILE = "StandUp-iOS/Info.plist";
				LD_RUNPATH_SEARCH_PATHS = (
					"$(inherited)",
					"@executable_path/Frameworks",
				);
				MARKETING_VERSION = 0.0.10;
				PRODUCT_BUNDLE_IDENTIFIER = com.blockchaincommons.standupios;
				PRODUCT_NAME = "$(TARGET_NAME)";
				SUPPORTS_MACCATALYST = YES;
				SWIFT_OBJC_BRIDGING_HEADER = "StandUp-iOS/StandUp-iOS-Bridging-Header.h";
				SWIFT_OPTIMIZATION_LEVEL = "-Onone";
				SWIFT_VERSION = 5.0;
				TARGETED_DEVICE_FAMILY = "1,2";
			};
			name = Debug;
		};
		D07ED4F223AA4F0600E7712A /* Release */ = {
			isa = XCBuildConfiguration;
			baseConfigurationReference = 61E1C43E5B5AA58E1794C386 /* Pods-StandUp-iOS.release.xcconfig */;
			buildSettings = {
				ASSETCATALOG_COMPILER_APPICON_NAME = AppIcon;
				CLANG_ENABLE_MODULES = YES;
				CODE_SIGN_ENTITLEMENTS = "StandUp-iOS/StandUp-iOS.entitlements";
				CODE_SIGN_STYLE = Automatic;
				CURRENT_PROJECT_VERSION = 0.0.10;
				DERIVE_MACCATALYST_PRODUCT_BUNDLE_IDENTIFIER = YES;
				DEVELOPMENT_TEAM = YZHG975W3A;
				FRAMEWORK_SEARCH_PATHS = (
					"$(inherited)",
					"$(PROJECT_DIR)/Carthage/Build/iOS",
				);
				INFOPLIST_FILE = "StandUp-iOS/Info.plist";
				LD_RUNPATH_SEARCH_PATHS = (
					"$(inherited)",
					"@executable_path/Frameworks",
				);
				MARKETING_VERSION = 0.0.10;
				PRODUCT_BUNDLE_IDENTIFIER = com.blockchaincommons.standupios;
				PRODUCT_NAME = "$(TARGET_NAME)";
				SUPPORTS_MACCATALYST = YES;
				SWIFT_OBJC_BRIDGING_HEADER = "StandUp-iOS/StandUp-iOS-Bridging-Header.h";
				SWIFT_VERSION = 5.0;
				TARGETED_DEVICE_FAMILY = "1,2";
			};
			name = Release;
		};
		D07ED4F423AA4F0600E7712A /* Debug */ = {
			isa = XCBuildConfiguration;
			baseConfigurationReference = 3577AE249B132F3E2A09A5D5 /* Pods-StandUp-iOSTests.debug.xcconfig */;
			buildSettings = {
				ALWAYS_EMBED_SWIFT_STANDARD_LIBRARIES = YES;
				BUNDLE_LOADER = "$(TEST_HOST)";
				CODE_SIGN_STYLE = Automatic;
				DEVELOPMENT_TEAM = YZHG975W3A;
				INFOPLIST_FILE = "StandUp-iOSTests/Info.plist";
				IPHONEOS_DEPLOYMENT_TARGET = 13.1;
				LD_RUNPATH_SEARCH_PATHS = (
					"$(inherited)",
					"@executable_path/Frameworks",
					"@loader_path/Frameworks",
				);
				PRODUCT_BUNDLE_IDENTIFIER = "com.blockchaincommons.StandUp-iOSTests";
				PRODUCT_NAME = "$(TARGET_NAME)";
				SWIFT_VERSION = 5.0;
				TARGETED_DEVICE_FAMILY = "1,2";
				TEST_HOST = "$(BUILT_PRODUCTS_DIR)/StandUp-iOS.app/StandUp-iOS";
			};
			name = Debug;
		};
		D07ED4F523AA4F0600E7712A /* Release */ = {
			isa = XCBuildConfiguration;
			baseConfigurationReference = 58A1BD7FC135E583ABBF43C9 /* Pods-StandUp-iOSTests.release.xcconfig */;
			buildSettings = {
				ALWAYS_EMBED_SWIFT_STANDARD_LIBRARIES = YES;
				BUNDLE_LOADER = "$(TEST_HOST)";
				CODE_SIGN_STYLE = Automatic;
				DEVELOPMENT_TEAM = YZHG975W3A;
				INFOPLIST_FILE = "StandUp-iOSTests/Info.plist";
				IPHONEOS_DEPLOYMENT_TARGET = 13.1;
				LD_RUNPATH_SEARCH_PATHS = (
					"$(inherited)",
					"@executable_path/Frameworks",
					"@loader_path/Frameworks",
				);
				PRODUCT_BUNDLE_IDENTIFIER = "com.blockchaincommons.StandUp-iOSTests";
				PRODUCT_NAME = "$(TARGET_NAME)";
				SWIFT_VERSION = 5.0;
				TARGETED_DEVICE_FAMILY = "1,2";
				TEST_HOST = "$(BUILT_PRODUCTS_DIR)/StandUp-iOS.app/StandUp-iOS";
			};
			name = Release;
		};
		D07ED4F723AA4F0600E7712A /* Debug */ = {
			isa = XCBuildConfiguration;
			buildSettings = {
				ALWAYS_EMBED_SWIFT_STANDARD_LIBRARIES = YES;
				CODE_SIGN_STYLE = Automatic;
				DEVELOPMENT_TEAM = YZHG975W3A;
				INFOPLIST_FILE = "StandUp-iOSUITests/Info.plist";
				LD_RUNPATH_SEARCH_PATHS = (
					"$(inherited)",
					"@executable_path/Frameworks",
					"@loader_path/Frameworks",
				);
				PRODUCT_BUNDLE_IDENTIFIER = "com.blockchaincommons.StandUp-iOSUITests";
				PRODUCT_NAME = "$(TARGET_NAME)";
				SWIFT_VERSION = 5.0;
				TARGETED_DEVICE_FAMILY = "1,2";
				TEST_TARGET_NAME = "StandUp-iOS";
			};
			name = Debug;
		};
		D07ED4F823AA4F0600E7712A /* Release */ = {
			isa = XCBuildConfiguration;
			buildSettings = {
				ALWAYS_EMBED_SWIFT_STANDARD_LIBRARIES = YES;
				CODE_SIGN_STYLE = Automatic;
				DEVELOPMENT_TEAM = YZHG975W3A;
				INFOPLIST_FILE = "StandUp-iOSUITests/Info.plist";
				LD_RUNPATH_SEARCH_PATHS = (
					"$(inherited)",
					"@executable_path/Frameworks",
					"@loader_path/Frameworks",
				);
				PRODUCT_BUNDLE_IDENTIFIER = "com.blockchaincommons.StandUp-iOSUITests";
				PRODUCT_NAME = "$(TARGET_NAME)";
				SWIFT_VERSION = 5.0;
				TARGETED_DEVICE_FAMILY = "1,2";
				TEST_TARGET_NAME = "StandUp-iOS";
			};
			name = Release;
		};
/* End XCBuildConfiguration section */

/* Begin XCConfigurationList section */
		D07ED4BE23AA4EFF00E7712A /* Build configuration list for PBXProject "StandUp-iOS" */ = {
			isa = XCConfigurationList;
			buildConfigurations = (
				D07ED4EE23AA4F0600E7712A /* Debug */,
				D07ED4EF23AA4F0600E7712A /* Release */,
			);
			defaultConfigurationIsVisible = 0;
			defaultConfigurationName = Release;
		};
		D07ED4F023AA4F0600E7712A /* Build configuration list for PBXNativeTarget "StandUp-iOS" */ = {
			isa = XCConfigurationList;
			buildConfigurations = (
				D07ED4F123AA4F0600E7712A /* Debug */,
				D07ED4F223AA4F0600E7712A /* Release */,
			);
			defaultConfigurationIsVisible = 0;
			defaultConfigurationName = Release;
		};
		D07ED4F323AA4F0600E7712A /* Build configuration list for PBXNativeTarget "StandUp-iOSTests" */ = {
			isa = XCConfigurationList;
			buildConfigurations = (
				D07ED4F423AA4F0600E7712A /* Debug */,
				D07ED4F523AA4F0600E7712A /* Release */,
			);
			defaultConfigurationIsVisible = 0;
			defaultConfigurationName = Release;
		};
		D07ED4F623AA4F0600E7712A /* Build configuration list for PBXNativeTarget "StandUp-iOSUITests" */ = {
			isa = XCConfigurationList;
			buildConfigurations = (
				D07ED4F723AA4F0600E7712A /* Debug */,
				D07ED4F823AA4F0600E7712A /* Release */,
			);
			defaultConfigurationIsVisible = 0;
			defaultConfigurationName = Release;
		};
/* End XCConfigurationList section */

/* Begin XCVersionGroup section */
		D07ED4CF23AA4F0000E7712A /* StandUp_iOS.xcdatamodeld */ = {
			isa = XCVersionGroup;
			children = (
				D07ED4D023AA4F0000E7712A /* StandUp_iOS.xcdatamodel */,
			);
			currentVersion = D07ED4D023AA4F0000E7712A /* StandUp_iOS.xcdatamodel */;
			path = StandUp_iOS.xcdatamodeld;
			sourceTree = "<group>";
			versionGroupType = wrapper.xcdatamodel;
		};
/* End XCVersionGroup section */
	};
	rootObject = D07ED4BB23AA4EFF00E7712A /* Project object */;
}
