// !$*UTF8*$!
{
	archiveVersion = 1;
	classes = {
	};
	objectVersion = 50;
	objects = {

/* Begin PBXBuildFile section */
		D01471A12371354700F64329 /* LaunchBitcoin.command in Resources */ = {isa = PBXBuildFile; fileRef = D01471A02371354700F64329 /* LaunchBitcoin.command */; };
		D049E89A237BBE1700294E70 /* RunAppleScript.swift in Sources */ = {isa = PBXBuildFile; fileRef = D049E899237BBE1700294E70 /* RunAppleScript.swift */; };
		D049E89C237BBFE600294E70 /* RunBuildTask.swift in Sources */ = {isa = PBXBuildFile; fileRef = D049E89B237BBFE600294E70 /* RunBuildTask.swift */; };
		D049E89E237BD09200294E70 /* StandDown.command in Resources */ = {isa = PBXBuildFile; fileRef = D049E89D237BD09200294E70 /* StandDown.command */; };
		D049E8A0237BFF9E00294E70 /* UpdateBTCConf.command in Resources */ = {isa = PBXBuildFile; fileRef = D049E89F237BFF9E00294E70 /* UpdateBTCConf.command */; };
		D0534CC6237E4CC20093DE67 /* ok.png in Resources */ = {isa = PBXBuildFile; fileRef = D0534CC5237E4CC20093DE67 /* ok.png */; };
		D0534CC8237E4CE70093DE67 /* paste.png in Resources */ = {isa = PBXBuildFile; fileRef = D0534CC7237E4CE70093DE67 /* paste.png */; };
		D0534CCA237E4DF00093DE67 /* fullynoded_qr.png in Resources */ = {isa = PBXBuildFile; fileRef = D0534CC9237E4DF00093DE67 /* fullynoded_qr.png */; };
		D06E3937236BE46E0072924A /* Settings.swift in Sources */ = {isa = PBXBuildFile; fileRef = D06E3935236BE46D0072924A /* Settings.swift */; };
		D06E3938236BE46E0072924A /* Settings.xib in Resources */ = {isa = PBXBuildFile; fileRef = D06E3936236BE46E0072924A /* Settings.xib */; };
		D0971D90237008D8001C3636 /* LICENSE in Resources */ = {isa = PBXBuildFile; fileRef = D0971D8F237008D8001C3636 /* LICENSE */; };
		D0971D92237008F6001C3636 /* README.md in Resources */ = {isa = PBXBuildFile; fileRef = D0971D91237008F6001C3636 /* README.md */; };
		D0A3B6F123739FCF00253635 /* StandUp.command in Resources */ = {isa = PBXBuildFile; fileRef = D0A3B6F023739FCF00253635 /* StandUp.command */; };
		D0A871CC237E3C57006033C9 /* TorStatus.command in Resources */ = {isa = PBXBuildFile; fileRef = D0A871CB237E3C57006033C9 /* TorStatus.command */; };
		D0A871CF237E4B9D006033C9 /* yes.png in Resources */ = {isa = PBXBuildFile; fileRef = D0A871CE237E4B9D006033C9 /* yes.png */; };
		D0AE0DFB237297BE004369E2 /* StartTor.command in Resources */ = {isa = PBXBuildFile; fileRef = D0AE0DFA237297BE004369E2 /* StartTor.command */; };
		D0B36C432373BBA5004B2D63 /* StopTor.command in Resources */ = {isa = PBXBuildFile; fileRef = D0B36C422373BBA5004B2D63 /* StopTor.command */; };
		D0B36C452373E521004B2D63 /* Verify.command in Resources */ = {isa = PBXBuildFile; fileRef = D0B36C442373E521004B2D63 /* Verify.command */; };
		D0B9277123837AB400956651 /* UrlRequest.swift in Sources */ = {isa = PBXBuildFile; fileRef = D0B9277023837AB400956651 /* UrlRequest.swift */; };
		D0B9277523839F7B00956651 /* SupportedVersion.json in Resources */ = {isa = PBXBuildFile; fileRef = D0B9277423839F7B00956651 /* SupportedVersion.json */; };
		D0B927782383E59700956651 /* UpgradeBitcoin.command in Resources */ = {isa = PBXBuildFile; fileRef = D0B927772383E59700956651 /* UpgradeBitcoin.command */; };
		D0B9277A2383F8D400956651 /* CheckForBitcoinCore.command in Resources */ = {isa = PBXBuildFile; fileRef = D0B927792383F8D400956651 /* CheckForBitcoinCore.command */; };
		D0B9277E2383FCD000956651 /* StopBitcoin.command in Resources */ = {isa = PBXBuildFile; fileRef = D0B9277D2383FCD000956651 /* StopBitcoin.command */; };
		D0B9278023840D3C00956651 /* IsBitcoinOn.command in Resources */ = {isa = PBXBuildFile; fileRef = D0B9277F23840D3C00956651 /* IsBitcoinOn.command */; };
		D0B927822384DD7100956651 /* CheckForTor.command in Resources */ = {isa = PBXBuildFile; fileRef = D0B927812384DD7100956651 /* CheckForTor.command */; };
		D0B927842384DE1B00956651 /* GetTorrc.command in Resources */ = {isa = PBXBuildFile; fileRef = D0B927832384DE1B00956651 /* GetTorrc.command */; };
		D0B927862384E18500956651 /* GetBitcoinConf.command in Resources */ = {isa = PBXBuildFile; fileRef = D0B927852384E18500956651 /* GetBitcoinConf.command */; };
		D0B927882384E2D400956651 /* GetHostname.command in Resources */ = {isa = PBXBuildFile; fileRef = D0B927872384E2D400956651 /* GetHostname.command */; };
		D0B9278A2384E54900956651 /* RemoveBitcoin.command in Resources */ = {isa = PBXBuildFile; fileRef = D0B927892384E54900956651 /* RemoveBitcoin.command */; };
		D0B9278C2385045400956651 /* Log.swift in Sources */ = {isa = PBXBuildFile; fileRef = D0B9278B2385045400956651 /* Log.swift */; };
		D0BCB333236A6D22000D8FDE /* AppDelegate.swift in Sources */ = {isa = PBXBuildFile; fileRef = D0BCB332236A6D22000D8FDE /* AppDelegate.swift */; };
		D0BCB335236A6D22000D8FDE /* ViewController.swift in Sources */ = {isa = PBXBuildFile; fileRef = D0BCB334236A6D22000D8FDE /* ViewController.swift */; };
		D0BCB337236A6D27000D8FDE /* Assets.xcassets in Resources */ = {isa = PBXBuildFile; fileRef = D0BCB336236A6D27000D8FDE /* Assets.xcassets */; };
		D0BCB33A236A6D27000D8FDE /* Main.storyboard in Resources */ = {isa = PBXBuildFile; fileRef = D0BCB338236A6D27000D8FDE /* Main.storyboard */; };
		D0BCB346236A6D28000D8FDE /* StandUpTests.swift in Sources */ = {isa = PBXBuildFile; fileRef = D0BCB345236A6D28000D8FDE /* StandUpTests.swift */; };
		D0BCB351236A6D28000D8FDE /* StandUpUITests.swift in Sources */ = {isa = PBXBuildFile; fileRef = D0BCB350236A6D28000D8FDE /* StandUpUITests.swift */; };
		D0DCD8E6236ACC9E00F2D15A /* ScriptEnum.swift in Sources */ = {isa = PBXBuildFile; fileRef = D0DCD8E5236ACC9E00F2D15A /* ScriptEnum.swift */; };
		D0DCD8E9236ACD5300F2D15A /* QRDisplayer.swift in Sources */ = {isa = PBXBuildFile; fileRef = D0DCD8E7236ACD5300F2D15A /* QRDisplayer.swift */; };
		D0DCD8EA236ACD5300F2D15A /* QRDisplayer.xib in Resources */ = {isa = PBXBuildFile; fileRef = D0DCD8E8236ACD5300F2D15A /* QRDisplayer.xib */; };
		D0DCD8ED236ACD6300F2D15A /* Installer.swift in Sources */ = {isa = PBXBuildFile; fileRef = D0DCD8EB236ACD6300F2D15A /* Installer.swift */; };
		D0DCD8EE236ACD6300F2D15A /* Installer.xib in Resources */ = {isa = PBXBuildFile; fileRef = D0DCD8EC236ACD6300F2D15A /* Installer.xib */; };
		D0EB5318237E4E9F002212F8 /* fullynoded_share.png in Resources */ = {isa = PBXBuildFile; fileRef = D0EB5315237E4E9F002212F8 /* fullynoded_share.png */; };
		D0EB5319237E4E9F002212F8 /* fullynoded_generate.png in Resources */ = {isa = PBXBuildFile; fileRef = D0EB5316237E4E9F002212F8 /* fullynoded_generate.png */; };
		D0EB531A237E4E9F002212F8 /* fullynoded_tap_pubkey.png in Resources */ = {isa = PBXBuildFile; fileRef = D0EB5317237E4E9F002212F8 /* fullynoded_tap_pubkey.png */; };
		D0EBC02F2376834D008302D2 /* Authenticate.command in Resources */ = {isa = PBXBuildFile; fileRef = D0EBC02E2376834D008302D2 /* Authenticate.command */; };
		D0EBC0312377EE65008302D2 /* Utilities.swift in Sources */ = {isa = PBXBuildFile; fileRef = D0EBC0302377EE65008302D2 /* Utilities.swift */; };
/* End PBXBuildFile section */

/* Begin PBXContainerItemProxy section */
		D0BCB342236A6D28000D8FDE /* PBXContainerItemProxy */ = {
			isa = PBXContainerItemProxy;
			containerPortal = D0BCB327236A6D22000D8FDE /* Project object */;
			proxyType = 1;
			remoteGlobalIDString = D0BCB32E236A6D22000D8FDE;
			remoteInfo = StandUp;
		};
		D0BCB34D236A6D28000D8FDE /* PBXContainerItemProxy */ = {
			isa = PBXContainerItemProxy;
			containerPortal = D0BCB327236A6D22000D8FDE /* Project object */;
			proxyType = 1;
			remoteGlobalIDString = D0BCB32E236A6D22000D8FDE;
			remoteInfo = StandUp;
		};
/* End PBXContainerItemProxy section */

/* Begin PBXFileReference section */
		D01471A02371354700F64329 /* LaunchBitcoin.command */ = {isa = PBXFileReference; lastKnownFileType = text.script.sh; path = LaunchBitcoin.command; sourceTree = "<group>"; };
		D049E899237BBE1700294E70 /* RunAppleScript.swift */ = {isa = PBXFileReference; lastKnownFileType = sourcecode.swift; path = RunAppleScript.swift; sourceTree = "<group>"; };
		D049E89B237BBFE600294E70 /* RunBuildTask.swift */ = {isa = PBXFileReference; lastKnownFileType = sourcecode.swift; path = RunBuildTask.swift; sourceTree = "<group>"; };
		D049E89D237BD09200294E70 /* StandDown.command */ = {isa = PBXFileReference; lastKnownFileType = text.script.sh; path = StandDown.command; sourceTree = "<group>"; };
		D049E89F237BFF9E00294E70 /* UpdateBTCConf.command */ = {isa = PBXFileReference; lastKnownFileType = text.script.sh; path = UpdateBTCConf.command; sourceTree = "<group>"; };
		D0534CC5237E4CC20093DE67 /* ok.png */ = {isa = PBXFileReference; lastKnownFileType = image.png; path = ok.png; sourceTree = "<group>"; };
		D0534CC7237E4CE70093DE67 /* paste.png */ = {isa = PBXFileReference; lastKnownFileType = image.png; path = paste.png; sourceTree = "<group>"; };
		D0534CC9237E4DF00093DE67 /* fullynoded_qr.png */ = {isa = PBXFileReference; lastKnownFileType = image.png; path = fullynoded_qr.png; sourceTree = "<group>"; };
		D06E3935236BE46D0072924A /* Settings.swift */ = {isa = PBXFileReference; fileEncoding = 4; lastKnownFileType = sourcecode.swift; path = Settings.swift; sourceTree = "<group>"; };
		D06E3936236BE46E0072924A /* Settings.xib */ = {isa = PBXFileReference; fileEncoding = 4; lastKnownFileType = file.xib; path = Settings.xib; sourceTree = "<group>"; };
		D0971D8F237008D8001C3636 /* LICENSE */ = {isa = PBXFileReference; lastKnownFileType = text; path = LICENSE; sourceTree = "<group>"; };
		D0971D91237008F6001C3636 /* README.md */ = {isa = PBXFileReference; lastKnownFileType = net.daringfireball.markdown; path = README.md; sourceTree = "<group>"; };
		D0A3B6F023739FCF00253635 /* StandUp.command */ = {isa = PBXFileReference; lastKnownFileType = text.script.sh; path = StandUp.command; sourceTree = "<group>"; };
		D0A871CB237E3C57006033C9 /* TorStatus.command */ = {isa = PBXFileReference; lastKnownFileType = text.script.sh; path = TorStatus.command; sourceTree = "<group>"; };
		D0A871CE237E4B9D006033C9 /* yes.png */ = {isa = PBXFileReference; lastKnownFileType = image.png; path = yes.png; sourceTree = "<group>"; };
		D0AE0DFA237297BE004369E2 /* StartTor.command */ = {isa = PBXFileReference; lastKnownFileType = text.script.sh; path = StartTor.command; sourceTree = "<group>"; };
		D0B36C422373BBA5004B2D63 /* StopTor.command */ = {isa = PBXFileReference; lastKnownFileType = text.script.sh; path = StopTor.command; sourceTree = "<group>"; };
		D0B36C442373E521004B2D63 /* Verify.command */ = {isa = PBXFileReference; lastKnownFileType = text.script.sh; path = Verify.command; sourceTree = "<group>"; };
		D0B9277023837AB400956651 /* UrlRequest.swift */ = {isa = PBXFileReference; lastKnownFileType = sourcecode.swift; path = UrlRequest.swift; sourceTree = "<group>"; };
		D0B9277423839F7B00956651 /* SupportedVersion.json */ = {isa = PBXFileReference; lastKnownFileType = text.json; path = SupportedVersion.json; sourceTree = "<group>"; xcLanguageSpecificationIdentifier = xcode.lang.json; };
		D0B927772383E59700956651 /* UpgradeBitcoin.command */ = {isa = PBXFileReference; lastKnownFileType = text.script.sh; path = UpgradeBitcoin.command; sourceTree = "<group>"; };
		D0B927792383F8D400956651 /* CheckForBitcoinCore.command */ = {isa = PBXFileReference; lastKnownFileType = text.script.sh; path = CheckForBitcoinCore.command; sourceTree = "<group>"; };
		D0B9277D2383FCD000956651 /* StopBitcoin.command */ = {isa = PBXFileReference; lastKnownFileType = text.script.sh; path = StopBitcoin.command; sourceTree = "<group>"; };
		D0B9277F23840D3C00956651 /* IsBitcoinOn.command */ = {isa = PBXFileReference; lastKnownFileType = text.script.sh; path = IsBitcoinOn.command; sourceTree = "<group>"; };
		D0B927812384DD7100956651 /* CheckForTor.command */ = {isa = PBXFileReference; lastKnownFileType = text.script.sh; path = CheckForTor.command; sourceTree = "<group>"; };
		D0B927832384DE1B00956651 /* GetTorrc.command */ = {isa = PBXFileReference; lastKnownFileType = text.script.sh; path = GetTorrc.command; sourceTree = "<group>"; };
		D0B927852384E18500956651 /* GetBitcoinConf.command */ = {isa = PBXFileReference; lastKnownFileType = text.script.sh; path = GetBitcoinConf.command; sourceTree = "<group>"; };
		D0B927872384E2D400956651 /* GetHostname.command */ = {isa = PBXFileReference; lastKnownFileType = text.script.sh; path = GetHostname.command; sourceTree = "<group>"; };
		D0B927892384E54900956651 /* RemoveBitcoin.command */ = {isa = PBXFileReference; lastKnownFileType = text.script.sh; path = RemoveBitcoin.command; sourceTree = "<group>"; };
		D0B9278B2385045400956651 /* Log.swift */ = {isa = PBXFileReference; lastKnownFileType = sourcecode.swift; path = Log.swift; sourceTree = "<group>"; };
		D0BCB32F236A6D22000D8FDE /* StandUp.app */ = {isa = PBXFileReference; explicitFileType = wrapper.application; includeInIndex = 0; path = StandUp.app; sourceTree = BUILT_PRODUCTS_DIR; };
		D0BCB332236A6D22000D8FDE /* AppDelegate.swift */ = {isa = PBXFileReference; lastKnownFileType = sourcecode.swift; path = AppDelegate.swift; sourceTree = "<group>"; };
		D0BCB334236A6D22000D8FDE /* ViewController.swift */ = {isa = PBXFileReference; lastKnownFileType = sourcecode.swift; path = ViewController.swift; sourceTree = "<group>"; };
		D0BCB336236A6D27000D8FDE /* Assets.xcassets */ = {isa = PBXFileReference; lastKnownFileType = folder.assetcatalog; path = Assets.xcassets; sourceTree = "<group>"; };
		D0BCB339236A6D27000D8FDE /* Base */ = {isa = PBXFileReference; lastKnownFileType = file.storyboard; name = Base; path = Base.lproj/Main.storyboard; sourceTree = "<group>"; };
		D0BCB33B236A6D27000D8FDE /* Info.plist */ = {isa = PBXFileReference; lastKnownFileType = text.plist.xml; path = Info.plist; sourceTree = "<group>"; };
		D0BCB33C236A6D27000D8FDE /* StandUp.entitlements */ = {isa = PBXFileReference; lastKnownFileType = text.plist.entitlements; path = StandUp.entitlements; sourceTree = "<group>"; };
		D0BCB341236A6D28000D8FDE /* StandUpTests.xctest */ = {isa = PBXFileReference; explicitFileType = wrapper.cfbundle; includeInIndex = 0; path = StandUpTests.xctest; sourceTree = BUILT_PRODUCTS_DIR; };
		D0BCB345236A6D28000D8FDE /* StandUpTests.swift */ = {isa = PBXFileReference; lastKnownFileType = sourcecode.swift; path = StandUpTests.swift; sourceTree = "<group>"; };
		D0BCB347236A6D28000D8FDE /* Info.plist */ = {isa = PBXFileReference; lastKnownFileType = text.plist.xml; path = Info.plist; sourceTree = "<group>"; };
		D0BCB34C236A6D28000D8FDE /* StandUpUITests.xctest */ = {isa = PBXFileReference; explicitFileType = wrapper.cfbundle; includeInIndex = 0; path = StandUpUITests.xctest; sourceTree = BUILT_PRODUCTS_DIR; };
		D0BCB350236A6D28000D8FDE /* StandUpUITests.swift */ = {isa = PBXFileReference; lastKnownFileType = sourcecode.swift; path = StandUpUITests.swift; sourceTree = "<group>"; };
		D0BCB352236A6D28000D8FDE /* Info.plist */ = {isa = PBXFileReference; lastKnownFileType = text.plist.xml; path = Info.plist; sourceTree = "<group>"; };
		D0DCD8E5236ACC9E00F2D15A /* ScriptEnum.swift */ = {isa = PBXFileReference; lastKnownFileType = sourcecode.swift; path = ScriptEnum.swift; sourceTree = "<group>"; };
		D0DCD8E7236ACD5300F2D15A /* QRDisplayer.swift */ = {isa = PBXFileReference; fileEncoding = 4; lastKnownFileType = sourcecode.swift; path = QRDisplayer.swift; sourceTree = "<group>"; };
		D0DCD8E8236ACD5300F2D15A /* QRDisplayer.xib */ = {isa = PBXFileReference; fileEncoding = 4; lastKnownFileType = file.xib; path = QRDisplayer.xib; sourceTree = "<group>"; };
		D0DCD8EB236ACD6300F2D15A /* Installer.swift */ = {isa = PBXFileReference; fileEncoding = 4; lastKnownFileType = sourcecode.swift; path = Installer.swift; sourceTree = "<group>"; };
		D0DCD8EC236ACD6300F2D15A /* Installer.xib */ = {isa = PBXFileReference; fileEncoding = 4; lastKnownFileType = file.xib; path = Installer.xib; sourceTree = "<group>"; };
		D0EB5315237E4E9F002212F8 /* fullynoded_share.png */ = {isa = PBXFileReference; lastKnownFileType = image.png; path = fullynoded_share.png; sourceTree = "<group>"; };
		D0EB5316237E4E9F002212F8 /* fullynoded_generate.png */ = {isa = PBXFileReference; lastKnownFileType = image.png; path = fullynoded_generate.png; sourceTree = "<group>"; };
		D0EB5317237E4E9F002212F8 /* fullynoded_tap_pubkey.png */ = {isa = PBXFileReference; lastKnownFileType = image.png; path = fullynoded_tap_pubkey.png; sourceTree = "<group>"; };
		D0EBC02E2376834D008302D2 /* Authenticate.command */ = {isa = PBXFileReference; lastKnownFileType = text.script.sh; path = Authenticate.command; sourceTree = "<group>"; };
		D0EBC0302377EE65008302D2 /* Utilities.swift */ = {isa = PBXFileReference; lastKnownFileType = sourcecode.swift; path = Utilities.swift; sourceTree = "<group>"; };
/* End PBXFileReference section */

/* Begin PBXFrameworksBuildPhase section */
		D0BCB32C236A6D22000D8FDE /* Frameworks */ = {
			isa = PBXFrameworksBuildPhase;
			buildActionMask = 2147483647;
			files = (
			);
			runOnlyForDeploymentPostprocessing = 0;
		};
		D0BCB33E236A6D28000D8FDE /* Frameworks */ = {
			isa = PBXFrameworksBuildPhase;
			buildActionMask = 2147483647;
			files = (
			);
			runOnlyForDeploymentPostprocessing = 0;
		};
		D0BCB349236A6D28000D8FDE /* Frameworks */ = {
			isa = PBXFrameworksBuildPhase;
			buildActionMask = 2147483647;
			files = (
			);
			runOnlyForDeploymentPostprocessing = 0;
		};
/* End PBXFrameworksBuildPhase section */

/* Begin PBXGroup section */
		D099F3352375847700AC0EF6 /* View Controllers */ = {
			isa = PBXGroup;
			children = (
				D0BCB334236A6D22000D8FDE /* ViewController.swift */,
				D0DCD8E7236ACD5300F2D15A /* QRDisplayer.swift */,
				D0DCD8E8236ACD5300F2D15A /* QRDisplayer.xib */,
				D0DCD8EB236ACD6300F2D15A /* Installer.swift */,
				D0DCD8EC236ACD6300F2D15A /* Installer.xib */,
				D06E3935236BE46D0072924A /* Settings.swift */,
				D06E3936236BE46E0072924A /* Settings.xib */,
			);
			path = "View Controllers";
			sourceTree = "<group>";
		};
		D099F3362375914300AC0EF6 /* Scripts */ = {
			isa = PBXGroup;
			children = (
				D01471A02371354700F64329 /* LaunchBitcoin.command */,
				D0AE0DFA237297BE004369E2 /* StartTor.command */,
				D0B36C422373BBA5004B2D63 /* StopTor.command */,
				D0A3B6F023739FCF00253635 /* StandUp.command */,
				D0B36C442373E521004B2D63 /* Verify.command */,
				D0EBC02E2376834D008302D2 /* Authenticate.command */,
				D049E89D237BD09200294E70 /* StandDown.command */,
				D049E89F237BFF9E00294E70 /* UpdateBTCConf.command */,
				D0A871CB237E3C57006033C9 /* TorStatus.command */,
				D0B927772383E59700956651 /* UpgradeBitcoin.command */,
				D0B927792383F8D400956651 /* CheckForBitcoinCore.command */,
				D0B9277D2383FCD000956651 /* StopBitcoin.command */,
				D0B9277F23840D3C00956651 /* IsBitcoinOn.command */,
				D0B927812384DD7100956651 /* CheckForTor.command */,
				D0B927832384DE1B00956651 /* GetTorrc.command */,
				D0B927852384E18500956651 /* GetBitcoinConf.command */,
				D0B927872384E2D400956651 /* GetHostname.command */,
				D0B927892384E54900956651 /* RemoveBitcoin.command */,
			);
			path = Scripts;
			sourceTree = "<group>";
		};
		D0A871CD237E4B81006033C9 /* Images */ = {
			isa = PBXGroup;
			children = (
				D0A871CE237E4B9D006033C9 /* yes.png */,
				D0534CC7237E4CE70093DE67 /* paste.png */,
				D0534CC5237E4CC20093DE67 /* ok.png */,
				D0534CC9237E4DF00093DE67 /* fullynoded_qr.png */,
				D0EB5316237E4E9F002212F8 /* fullynoded_generate.png */,
				D0EB5315237E4E9F002212F8 /* fullynoded_share.png */,
				D0EB5317237E4E9F002212F8 /* fullynoded_tap_pubkey.png */,
			);
			path = Images;
			sourceTree = "<group>";
		};
		D0B927762383AE4900956651 /* JSON */ = {
			isa = PBXGroup;
			children = (
				D0B9277423839F7B00956651 /* SupportedVersion.json */,
			);
			path = JSON;
			sourceTree = "<group>";
		};
		D0BCB326236A6D22000D8FDE = {
			isa = PBXGroup;
			children = (
				D0971D91237008F6001C3636 /* README.md */,
				D0971D8F237008D8001C3636 /* LICENSE */,
				D0BCB331236A6D22000D8FDE /* StandUp */,
				D0BCB344236A6D28000D8FDE /* StandUpTests */,
				D0BCB34F236A6D28000D8FDE /* StandUpUITests */,
				D0BCB330236A6D22000D8FDE /* Products */,
			);
			sourceTree = "<group>";
		};
		D0BCB330236A6D22000D8FDE /* Products */ = {
			isa = PBXGroup;
			children = (
				D0BCB32F236A6D22000D8FDE /* StandUp.app */,
				D0BCB341236A6D28000D8FDE /* StandUpTests.xctest */,
				D0BCB34C236A6D28000D8FDE /* StandUpUITests.xctest */,
			);
			name = Products;
			sourceTree = "<group>";
		};
		D0BCB331236A6D22000D8FDE /* StandUp */ = {
			isa = PBXGroup;
			children = (
				D0A871CD237E4B81006033C9 /* Images */,
				D0BCB332236A6D22000D8FDE /* AppDelegate.swift */,
				D099F3352375847700AC0EF6 /* View Controllers */,
				D0BCB336236A6D27000D8FDE /* Assets.xcassets */,
				D0BCB338236A6D27000D8FDE /* Main.storyboard */,
				D0BCB33B236A6D27000D8FDE /* Info.plist */,
				D0BCB33C236A6D27000D8FDE /* StandUp.entitlements */,
				D0EBC03223791DEA008302D2 /* Enums */,
				D099F3362375914300AC0EF6 /* Scripts */,
				D0EBC03323791DFF008302D2 /* Helpers */,
				D0B927762383AE4900956651 /* JSON */,
			);
			path = StandUp;
			sourceTree = "<group>";
		};
		D0BCB344236A6D28000D8FDE /* StandUpTests */ = {
			isa = PBXGroup;
			children = (
				D0BCB345236A6D28000D8FDE /* StandUpTests.swift */,
				D0BCB347236A6D28000D8FDE /* Info.plist */,
			);
			path = StandUpTests;
			sourceTree = "<group>";
		};
		D0BCB34F236A6D28000D8FDE /* StandUpUITests */ = {
			isa = PBXGroup;
			children = (
				D0BCB350236A6D28000D8FDE /* StandUpUITests.swift */,
				D0BCB352236A6D28000D8FDE /* Info.plist */,
			);
			path = StandUpUITests;
			sourceTree = "<group>";
		};
		D0EBC03223791DEA008302D2 /* Enums */ = {
			isa = PBXGroup;
			children = (
				D0DCD8E5236ACC9E00F2D15A /* ScriptEnum.swift */,
			);
			path = Enums;
			sourceTree = "<group>";
		};
		D0EBC03323791DFF008302D2 /* Helpers */ = {
			isa = PBXGroup;
			children = (
				D0EBC0302377EE65008302D2 /* Utilities.swift */,
				D049E899237BBE1700294E70 /* RunAppleScript.swift */,
				D049E89B237BBFE600294E70 /* RunBuildTask.swift */,
				D0B9277023837AB400956651 /* UrlRequest.swift */,
				D0B9278B2385045400956651 /* Log.swift */,
			);
			path = Helpers;
			sourceTree = "<group>";
		};
/* End PBXGroup section */

/* Begin PBXNativeTarget section */
		D0BCB32E236A6D22000D8FDE /* StandUp */ = {
			isa = PBXNativeTarget;
			buildConfigurationList = D0BCB355236A6D28000D8FDE /* Build configuration list for PBXNativeTarget "StandUp" */;
			buildPhases = (
				D0BCB32B236A6D22000D8FDE /* Sources */,
				D0BCB32C236A6D22000D8FDE /* Frameworks */,
				D0BCB32D236A6D22000D8FDE /* Resources */,
			);
			buildRules = (
			);
			dependencies = (
			);
			name = StandUp;
			productName = StandUp;
			productReference = D0BCB32F236A6D22000D8FDE /* StandUp.app */;
			productType = "com.apple.product-type.application";
		};
		D0BCB340236A6D28000D8FDE /* StandUpTests */ = {
			isa = PBXNativeTarget;
			buildConfigurationList = D0BCB358236A6D28000D8FDE /* Build configuration list for PBXNativeTarget "StandUpTests" */;
			buildPhases = (
				D0BCB33D236A6D28000D8FDE /* Sources */,
				D0BCB33E236A6D28000D8FDE /* Frameworks */,
				D0BCB33F236A6D28000D8FDE /* Resources */,
			);
			buildRules = (
			);
			dependencies = (
				D0BCB343236A6D28000D8FDE /* PBXTargetDependency */,
			);
			name = StandUpTests;
			productName = StandUpTests;
			productReference = D0BCB341236A6D28000D8FDE /* StandUpTests.xctest */;
			productType = "com.apple.product-type.bundle.unit-test";
		};
		D0BCB34B236A6D28000D8FDE /* StandUpUITests */ = {
			isa = PBXNativeTarget;
			buildConfigurationList = D0BCB35B236A6D28000D8FDE /* Build configuration list for PBXNativeTarget "StandUpUITests" */;
			buildPhases = (
				D0BCB348236A6D28000D8FDE /* Sources */,
				D0BCB349236A6D28000D8FDE /* Frameworks */,
				D0BCB34A236A6D28000D8FDE /* Resources */,
			);
			buildRules = (
			);
			dependencies = (
				D0BCB34E236A6D28000D8FDE /* PBXTargetDependency */,
			);
			name = StandUpUITests;
			productName = StandUpUITests;
			productReference = D0BCB34C236A6D28000D8FDE /* StandUpUITests.xctest */;
			productType = "com.apple.product-type.bundle.ui-testing";
		};
/* End PBXNativeTarget section */

/* Begin PBXProject section */
		D0BCB327236A6D22000D8FDE /* Project object */ = {
			isa = PBXProject;
			attributes = {
				LastSwiftUpdateCheck = 1110;
				LastUpgradeCheck = 1110;
				ORGANIZATIONNAME = Peter;
				TargetAttributes = {
					D0BCB32E236A6D22000D8FDE = {
						CreatedOnToolsVersion = 11.1;
					};
					D0BCB340236A6D28000D8FDE = {
						CreatedOnToolsVersion = 11.1;
						TestTargetID = D0BCB32E236A6D22000D8FDE;
					};
					D0BCB34B236A6D28000D8FDE = {
						CreatedOnToolsVersion = 11.1;
						TestTargetID = D0BCB32E236A6D22000D8FDE;
					};
				};
			};
			buildConfigurationList = D0BCB32A236A6D22000D8FDE /* Build configuration list for PBXProject "StandUp" */;
			compatibilityVersion = "Xcode 9.3";
			developmentRegion = en;
			hasScannedForEncodings = 0;
			knownRegions = (
				en,
				Base,
			);
			mainGroup = D0BCB326236A6D22000D8FDE;
			productRefGroup = D0BCB330236A6D22000D8FDE /* Products */;
			projectDirPath = "";
			projectRoot = "";
			targets = (
				D0BCB32E236A6D22000D8FDE /* StandUp */,
				D0BCB340236A6D28000D8FDE /* StandUpTests */,
				D0BCB34B236A6D28000D8FDE /* StandUpUITests */,
			);
		};
/* End PBXProject section */

/* Begin PBXResourcesBuildPhase section */
		D0BCB32D236A6D22000D8FDE /* Resources */ = {
			isa = PBXResourcesBuildPhase;
			buildActionMask = 2147483647;
			files = (
				D0B36C452373E521004B2D63 /* Verify.command in Resources */,
				D0A3B6F123739FCF00253635 /* StandUp.command in Resources */,
				D0B9278A2384E54900956651 /* RemoveBitcoin.command in Resources */,
				D0EB531A237E4E9F002212F8 /* fullynoded_tap_pubkey.png in Resources */,
				D0EB5319237E4E9F002212F8 /* fullynoded_generate.png in Resources */,
				D0B9277A2383F8D400956651 /* CheckForBitcoinCore.command in Resources */,
				D0DCD8EE236ACD6300F2D15A /* Installer.xib in Resources */,
				D0BCB337236A6D27000D8FDE /* Assets.xcassets in Resources */,
				D0534CCA237E4DF00093DE67 /* fullynoded_qr.png in Resources */,
				D0DCD8EA236ACD5300F2D15A /* QRDisplayer.xib in Resources */,
				D0534CC6237E4CC20093DE67 /* ok.png in Resources */,
				D0971D90237008D8001C3636 /* LICENSE in Resources */,
				D0B927782383E59700956651 /* UpgradeBitcoin.command in Resources */,
				D0B927822384DD7100956651 /* CheckForTor.command in Resources */,
				D0EBC02F2376834D008302D2 /* Authenticate.command in Resources */,
				D0A871CC237E3C57006033C9 /* TorStatus.command in Resources */,
				D049E8A0237BFF9E00294E70 /* UpdateBTCConf.command in Resources */,
				D0B36C432373BBA5004B2D63 /* StopTor.command in Resources */,
				D049E89E237BD09200294E70 /* StandDown.command in Resources */,
				D0B9277E2383FCD000956651 /* StopBitcoin.command in Resources */,
				D0971D92237008F6001C3636 /* README.md in Resources */,
				D0534CC8237E4CE70093DE67 /* paste.png in Resources */,
				D0EB5318237E4E9F002212F8 /* fullynoded_share.png in Resources */,
				D0BCB33A236A6D27000D8FDE /* Main.storyboard in Resources */,
				D0B9277523839F7B00956651 /* SupportedVersion.json in Resources */,
				D01471A12371354700F64329 /* LaunchBitcoin.command in Resources */,
				D0B927862384E18500956651 /* GetBitcoinConf.command in Resources */,
				D0AE0DFB237297BE004369E2 /* StartTor.command in Resources */,
				D0B9278023840D3C00956651 /* IsBitcoinOn.command in Resources */,
				D06E3938236BE46E0072924A /* Settings.xib in Resources */,
				D0A871CF237E4B9D006033C9 /* yes.png in Resources */,
				D0B927842384DE1B00956651 /* GetTorrc.command in Resources */,
				D0B927882384E2D400956651 /* GetHostname.command in Resources */,
			);
			runOnlyForDeploymentPostprocessing = 0;
		};
		D0BCB33F236A6D28000D8FDE /* Resources */ = {
			isa = PBXResourcesBuildPhase;
			buildActionMask = 2147483647;
			files = (
			);
			runOnlyForDeploymentPostprocessing = 0;
		};
		D0BCB34A236A6D28000D8FDE /* Resources */ = {
			isa = PBXResourcesBuildPhase;
			buildActionMask = 2147483647;
			files = (
			);
			runOnlyForDeploymentPostprocessing = 0;
		};
/* End PBXResourcesBuildPhase section */

/* Begin PBXSourcesBuildPhase section */
		D0BCB32B236A6D22000D8FDE /* Sources */ = {
			isa = PBXSourcesBuildPhase;
			buildActionMask = 2147483647;
			files = (
				D049E89C237BBFE600294E70 /* RunBuildTask.swift in Sources */,
				D06E3937236BE46E0072924A /* Settings.swift in Sources */,
				D0B9278C2385045400956651 /* Log.swift in Sources */,
				D0DCD8E9236ACD5300F2D15A /* QRDisplayer.swift in Sources */,
				D0EBC0312377EE65008302D2 /* Utilities.swift in Sources */,
				D049E89A237BBE1700294E70 /* RunAppleScript.swift in Sources */,
				D0DCD8ED236ACD6300F2D15A /* Installer.swift in Sources */,
				D0BCB335236A6D22000D8FDE /* ViewController.swift in Sources */,
				D0DCD8E6236ACC9E00F2D15A /* ScriptEnum.swift in Sources */,
				D0BCB333236A6D22000D8FDE /* AppDelegate.swift in Sources */,
				D0B9277123837AB400956651 /* UrlRequest.swift in Sources */,
			);
			runOnlyForDeploymentPostprocessing = 0;
		};
		D0BCB33D236A6D28000D8FDE /* Sources */ = {
			isa = PBXSourcesBuildPhase;
			buildActionMask = 2147483647;
			files = (
				D0BCB346236A6D28000D8FDE /* StandUpTests.swift in Sources */,
			);
			runOnlyForDeploymentPostprocessing = 0;
		};
		D0BCB348236A6D28000D8FDE /* Sources */ = {
			isa = PBXSourcesBuildPhase;
			buildActionMask = 2147483647;
			files = (
				D0BCB351236A6D28000D8FDE /* StandUpUITests.swift in Sources */,
			);
			runOnlyForDeploymentPostprocessing = 0;
		};
/* End PBXSourcesBuildPhase section */

/* Begin PBXTargetDependency section */
		D0BCB343236A6D28000D8FDE /* PBXTargetDependency */ = {
			isa = PBXTargetDependency;
			target = D0BCB32E236A6D22000D8FDE /* StandUp */;
			targetProxy = D0BCB342236A6D28000D8FDE /* PBXContainerItemProxy */;
		};
		D0BCB34E236A6D28000D8FDE /* PBXTargetDependency */ = {
			isa = PBXTargetDependency;
			target = D0BCB32E236A6D22000D8FDE /* StandUp */;
			targetProxy = D0BCB34D236A6D28000D8FDE /* PBXContainerItemProxy */;
		};
/* End PBXTargetDependency section */

/* Begin PBXVariantGroup section */
		D0BCB338236A6D27000D8FDE /* Main.storyboard */ = {
			isa = PBXVariantGroup;
			children = (
				D0BCB339236A6D27000D8FDE /* Base */,
			);
			name = Main.storyboard;
			sourceTree = "<group>";
		};
/* End PBXVariantGroup section */

/* Begin XCBuildConfiguration section */
		D0BCB353236A6D28000D8FDE /* Debug */ = {
			isa = XCBuildConfiguration;
			buildSettings = {
				ALWAYS_SEARCH_USER_PATHS = NO;
				CLANG_ANALYZER_NONNULL = YES;
				CLANG_ANALYZER_NUMBER_OBJECT_CONVERSION = YES_AGGRESSIVE;
				CLANG_CXX_LANGUAGE_STANDARD = "gnu++14";
				CLANG_CXX_LIBRARY = "libc++";
				CLANG_ENABLE_MODULES = YES;
				CLANG_ENABLE_OBJC_ARC = YES;
				CLANG_ENABLE_OBJC_WEAK = YES;
				CLANG_WARN_BLOCK_CAPTURE_AUTORELEASING = YES;
				CLANG_WARN_BOOL_CONVERSION = YES;
				CLANG_WARN_COMMA = YES;
				CLANG_WARN_CONSTANT_CONVERSION = YES;
				CLANG_WARN_DEPRECATED_OBJC_IMPLEMENTATIONS = YES;
				CLANG_WARN_DIRECT_OBJC_ISA_USAGE = YES_ERROR;
				CLANG_WARN_DOCUMENTATION_COMMENTS = YES;
				CLANG_WARN_EMPTY_BODY = YES;
				CLANG_WARN_ENUM_CONVERSION = YES;
				CLANG_WARN_INFINITE_RECURSION = YES;
				CLANG_WARN_INT_CONVERSION = YES;
				CLANG_WARN_NON_LITERAL_NULL_CONVERSION = YES;
				CLANG_WARN_OBJC_IMPLICIT_RETAIN_SELF = YES;
				CLANG_WARN_OBJC_LITERAL_CONVERSION = YES;
				CLANG_WARN_OBJC_ROOT_CLASS = YES_ERROR;
				CLANG_WARN_RANGE_LOOP_ANALYSIS = YES;
				CLANG_WARN_STRICT_PROTOTYPES = YES;
				CLANG_WARN_SUSPICIOUS_MOVE = YES;
				CLANG_WARN_UNGUARDED_AVAILABILITY = YES_AGGRESSIVE;
				CLANG_WARN_UNREACHABLE_CODE = YES;
				CLANG_WARN__DUPLICATE_METHOD_MATCH = YES;
				COPY_PHASE_STRIP = NO;
				DEBUG_INFORMATION_FORMAT = dwarf;
				ENABLE_STRICT_OBJC_MSGSEND = YES;
				ENABLE_TESTABILITY = YES;
				GCC_C_LANGUAGE_STANDARD = gnu11;
				GCC_DYNAMIC_NO_PIC = NO;
				GCC_NO_COMMON_BLOCKS = YES;
				GCC_OPTIMIZATION_LEVEL = 0;
				GCC_PREPROCESSOR_DEFINITIONS = (
					"DEBUG=1",
					"$(inherited)",
				);
				GCC_WARN_64_TO_32_BIT_CONVERSION = YES;
				GCC_WARN_ABOUT_RETURN_TYPE = YES_ERROR;
				GCC_WARN_UNDECLARED_SELECTOR = YES;
				GCC_WARN_UNINITIALIZED_AUTOS = YES_AGGRESSIVE;
				GCC_WARN_UNUSED_FUNCTION = YES;
				GCC_WARN_UNUSED_VARIABLE = YES;
				MACOSX_DEPLOYMENT_TARGET = 10.14;
				MTL_ENABLE_DEBUG_INFO = INCLUDE_SOURCE;
				MTL_FAST_MATH = YES;
				ONLY_ACTIVE_ARCH = YES;
				SDKROOT = macosx;
				SWIFT_ACTIVE_COMPILATION_CONDITIONS = DEBUG;
				SWIFT_OPTIMIZATION_LEVEL = "-Onone";
			};
			name = Debug;
		};
		D0BCB354236A6D28000D8FDE /* Release */ = {
			isa = XCBuildConfiguration;
			buildSettings = {
				ALWAYS_SEARCH_USER_PATHS = NO;
				CLANG_ANALYZER_NONNULL = YES;
				CLANG_ANALYZER_NUMBER_OBJECT_CONVERSION = YES_AGGRESSIVE;
				CLANG_CXX_LANGUAGE_STANDARD = "gnu++14";
				CLANG_CXX_LIBRARY = "libc++";
				CLANG_ENABLE_MODULES = YES;
				CLANG_ENABLE_OBJC_ARC = YES;
				CLANG_ENABLE_OBJC_WEAK = YES;
				CLANG_WARN_BLOCK_CAPTURE_AUTORELEASING = YES;
				CLANG_WARN_BOOL_CONVERSION = YES;
				CLANG_WARN_COMMA = YES;
				CLANG_WARN_CONSTANT_CONVERSION = YES;
				CLANG_WARN_DEPRECATED_OBJC_IMPLEMENTATIONS = YES;
				CLANG_WARN_DIRECT_OBJC_ISA_USAGE = YES_ERROR;
				CLANG_WARN_DOCUMENTATION_COMMENTS = YES;
				CLANG_WARN_EMPTY_BODY = YES;
				CLANG_WARN_ENUM_CONVERSION = YES;
				CLANG_WARN_INFINITE_RECURSION = YES;
				CLANG_WARN_INT_CONVERSION = YES;
				CLANG_WARN_NON_LITERAL_NULL_CONVERSION = YES;
				CLANG_WARN_OBJC_IMPLICIT_RETAIN_SELF = YES;
				CLANG_WARN_OBJC_LITERAL_CONVERSION = YES;
				CLANG_WARN_OBJC_ROOT_CLASS = YES_ERROR;
				CLANG_WARN_RANGE_LOOP_ANALYSIS = YES;
				CLANG_WARN_STRICT_PROTOTYPES = YES;
				CLANG_WARN_SUSPICIOUS_MOVE = YES;
				CLANG_WARN_UNGUARDED_AVAILABILITY = YES_AGGRESSIVE;
				CLANG_WARN_UNREACHABLE_CODE = YES;
				CLANG_WARN__DUPLICATE_METHOD_MATCH = YES;
				COPY_PHASE_STRIP = NO;
				DEBUG_INFORMATION_FORMAT = "dwarf-with-dsym";
				ENABLE_NS_ASSERTIONS = NO;
				ENABLE_STRICT_OBJC_MSGSEND = YES;
				GCC_C_LANGUAGE_STANDARD = gnu11;
				GCC_NO_COMMON_BLOCKS = YES;
				GCC_WARN_64_TO_32_BIT_CONVERSION = YES;
				GCC_WARN_ABOUT_RETURN_TYPE = YES_ERROR;
				GCC_WARN_UNDECLARED_SELECTOR = YES;
				GCC_WARN_UNINITIALIZED_AUTOS = YES_AGGRESSIVE;
				GCC_WARN_UNUSED_FUNCTION = YES;
				GCC_WARN_UNUSED_VARIABLE = YES;
				MACOSX_DEPLOYMENT_TARGET = 10.14;
				MTL_ENABLE_DEBUG_INFO = NO;
				MTL_FAST_MATH = YES;
				SDKROOT = macosx;
				SWIFT_COMPILATION_MODE = wholemodule;
				SWIFT_OPTIMIZATION_LEVEL = "-O";
			};
			name = Release;
		};
		D0BCB356236A6D28000D8FDE /* Debug */ = {
			isa = XCBuildConfiguration;
			buildSettings = {
				ASSETCATALOG_COMPILER_APPICON_NAME = AppIcon;
				CODE_SIGN_ENTITLEMENTS = StandUp/StandUp.entitlements;
				CODE_SIGN_STYLE = Automatic;
				COMBINE_HIDPI_IMAGES = YES;
				CURRENT_PROJECT_VERSION = 0.0.1;
				DEVELOPMENT_TEAM = 69FR345CDA;
				ENABLE_HARDENED_RUNTIME = YES;
				INFOPLIST_FILE = StandUp/Info.plist;
				LD_RUNPATH_SEARCH_PATHS = (
					"$(inherited)",
					"@executable_path/../Frameworks",
				);
				MARKETING_VERSION = 0.0.1;
				PRODUCT_BUNDLE_IDENTIFIER = com.fontaine.StandUp;
				PRODUCT_NAME = "$(TARGET_NAME)";
				SWIFT_VERSION = 5.0;
			};
			name = Debug;
		};
		D0BCB357236A6D28000D8FDE /* Release */ = {
			isa = XCBuildConfiguration;
			buildSettings = {
				ASSETCATALOG_COMPILER_APPICON_NAME = AppIcon;
				CODE_SIGN_ENTITLEMENTS = StandUp/StandUp.entitlements;
				CODE_SIGN_STYLE = Automatic;
				COMBINE_HIDPI_IMAGES = YES;
				CURRENT_PROJECT_VERSION = 0.0.1;
				DEVELOPMENT_TEAM = 69FR345CDA;
				ENABLE_HARDENED_RUNTIME = YES;
				INFOPLIST_FILE = StandUp/Info.plist;
				LD_RUNPATH_SEARCH_PATHS = (
					"$(inherited)",
					"@executable_path/../Frameworks",
				);
				MARKETING_VERSION = 0.0.1;
				PRODUCT_BUNDLE_IDENTIFIER = com.fontaine.StandUp;
				PRODUCT_NAME = "$(TARGET_NAME)";
				SWIFT_VERSION = 5.0;
			};
			name = Release;
		};
		D0BCB359236A6D28000D8FDE /* Debug */ = {
			isa = XCBuildConfiguration;
			buildSettings = {
				ALWAYS_EMBED_SWIFT_STANDARD_LIBRARIES = YES;
				BUNDLE_LOADER = "$(TEST_HOST)";
				CODE_SIGN_STYLE = Automatic;
				COMBINE_HIDPI_IMAGES = YES;
				DEVELOPMENT_TEAM = 69FR345CDA;
				INFOPLIST_FILE = StandUpTests/Info.plist;
				LD_RUNPATH_SEARCH_PATHS = (
					"$(inherited)",
					"@executable_path/../Frameworks",
					"@loader_path/../Frameworks",
				);
				MACOSX_DEPLOYMENT_TARGET = 10.15;
				PRODUCT_BUNDLE_IDENTIFIER = com.fontaine.StandUpTests;
				PRODUCT_NAME = "$(TARGET_NAME)";
				SWIFT_VERSION = 5.0;
				TEST_HOST = "$(BUILT_PRODUCTS_DIR)/StandUp.app/Contents/MacOS/StandUp";
			};
			name = Debug;
		};
		D0BCB35A236A6D28000D8FDE /* Release */ = {
			isa = XCBuildConfiguration;
			buildSettings = {
				ALWAYS_EMBED_SWIFT_STANDARD_LIBRARIES = YES;
				BUNDLE_LOADER = "$(TEST_HOST)";
				CODE_SIGN_STYLE = Automatic;
				COMBINE_HIDPI_IMAGES = YES;
				DEVELOPMENT_TEAM = 69FR345CDA;
				INFOPLIST_FILE = StandUpTests/Info.plist;
				LD_RUNPATH_SEARCH_PATHS = (
					"$(inherited)",
					"@executable_path/../Frameworks",
					"@loader_path/../Frameworks",
				);
				MACOSX_DEPLOYMENT_TARGET = 10.15;
				PRODUCT_BUNDLE_IDENTIFIER = com.fontaine.StandUpTests;
				PRODUCT_NAME = "$(TARGET_NAME)";
				SWIFT_VERSION = 5.0;
				TEST_HOST = "$(BUILT_PRODUCTS_DIR)/StandUp.app/Contents/MacOS/StandUp";
			};
			name = Release;
		};
		D0BCB35C236A6D28000D8FDE /* Debug */ = {
			isa = XCBuildConfiguration;
			buildSettings = {
				ALWAYS_EMBED_SWIFT_STANDARD_LIBRARIES = YES;
				CODE_SIGN_STYLE = Automatic;
				COMBINE_HIDPI_IMAGES = YES;
				DEVELOPMENT_TEAM = 69FR345CDA;
				INFOPLIST_FILE = StandUpUITests/Info.plist;
				LD_RUNPATH_SEARCH_PATHS = (
					"$(inherited)",
					"@executable_path/../Frameworks",
					"@loader_path/../Frameworks",
				);
				PRODUCT_BUNDLE_IDENTIFIER = com.fontaine.StandUpUITests;
				PRODUCT_NAME = "$(TARGET_NAME)";
				SWIFT_VERSION = 5.0;
				TEST_TARGET_NAME = StandUp;
			};
			name = Debug;
		};
		D0BCB35D236A6D28000D8FDE /* Release */ = {
			isa = XCBuildConfiguration;
			buildSettings = {
				ALWAYS_EMBED_SWIFT_STANDARD_LIBRARIES = YES;
				CODE_SIGN_STYLE = Automatic;
				COMBINE_HIDPI_IMAGES = YES;
				DEVELOPMENT_TEAM = 69FR345CDA;
				INFOPLIST_FILE = StandUpUITests/Info.plist;
				LD_RUNPATH_SEARCH_PATHS = (
					"$(inherited)",
					"@executable_path/../Frameworks",
					"@loader_path/../Frameworks",
				);
				PRODUCT_BUNDLE_IDENTIFIER = com.fontaine.StandUpUITests;
				PRODUCT_NAME = "$(TARGET_NAME)";
				SWIFT_VERSION = 5.0;
				TEST_TARGET_NAME = StandUp;
			};
			name = Release;
		};
/* End XCBuildConfiguration section */

/* Begin XCConfigurationList section */
		D0BCB32A236A6D22000D8FDE /* Build configuration list for PBXProject "StandUp" */ = {
			isa = XCConfigurationList;
			buildConfigurations = (
				D0BCB353236A6D28000D8FDE /* Debug */,
				D0BCB354236A6D28000D8FDE /* Release */,
			);
			defaultConfigurationIsVisible = 0;
			defaultConfigurationName = Release;
		};
		D0BCB355236A6D28000D8FDE /* Build configuration list for PBXNativeTarget "StandUp" */ = {
			isa = XCConfigurationList;
			buildConfigurations = (
				D0BCB356236A6D28000D8FDE /* Debug */,
				D0BCB357236A6D28000D8FDE /* Release */,
			);
			defaultConfigurationIsVisible = 0;
			defaultConfigurationName = Release;
		};
		D0BCB358236A6D28000D8FDE /* Build configuration list for PBXNativeTarget "StandUpTests" */ = {
			isa = XCConfigurationList;
			buildConfigurations = (
				D0BCB359236A6D28000D8FDE /* Debug */,
				D0BCB35A236A6D28000D8FDE /* Release */,
			);
			defaultConfigurationIsVisible = 0;
			defaultConfigurationName = Release;
		};
		D0BCB35B236A6D28000D8FDE /* Build configuration list for PBXNativeTarget "StandUpUITests" */ = {
			isa = XCConfigurationList;
			buildConfigurations = (
				D0BCB35C236A6D28000D8FDE /* Debug */,
				D0BCB35D236A6D28000D8FDE /* Release */,
			);
			defaultConfigurationIsVisible = 0;
			defaultConfigurationName = Release;
		};
/* End XCConfigurationList section */
	};
	rootObject = D0BCB327236A6D22000D8FDE /* Project object */;
}
